// !$*UTF8*$!
{
	archiveVersion = 1;
	classes = {
	};
	objectVersion = 70;
	objects = {

/* Begin PBXBuildFile section */
		AABB00000000000000000011 /* CloveryApp.swift in Sources */ = {isa = PBXBuildFile; fileRef = AABB00000000000000000007 /* CloveryApp.swift */; };
		AABB00000000000000000012 /* ContentView.swift in Sources */ = {isa = PBXBuildFile; fileRef = AABB00000000000000000008 /* ContentView.swift */; };
		AABB00000000000000000013 /* WebView.swift in Sources */ = {isa = PBXBuildFile; fileRef = AABB00000000000000000009 /* WebView.swift */; };
		AABB00000000000000000014 /* Assets.xcassets in Resources */ = {isa = PBXBuildFile; fileRef = AABB0000000000000000000B /* Assets.xcassets */; };
		AABB00000000000000000015 /* Clover Diary.html in Resources */ = {isa = PBXBuildFile; fileRef = AABB0000000000000000000C /* Clover Diary.html */; };
		AABB00000000000000000016 /* fonts in Resources */ = {isa = PBXBuildFile; fileRef = AABB00000000000000000005 /* fonts */; };
		AABB00000000000000000018 /* InfoPlist.strings in Resources */ = {isa = PBXBuildFile; fileRef = AABB00000000000000000010 /* InfoPlist.strings */; };
		AABB0000000000000000001A /* vendor in Resources */ = {isa = PBXBuildFile; fileRef = AABB00000000000000000019 /* vendor */; };
		AABB0000000000000000001B /* PrivacyInfo.xcprivacy in Resources */ = {isa = PBXBuildFile; fileRef = AABB0000000000000000001C /* PrivacyInfo.xcprivacy */; };
		AABB0000000000000000001E /* app.compiled.js in Resources */ = {isa = PBXBuildFile; fileRef = AABB0000000000000000001D /* app.compiled.js */; };
		AABB0000000000000000001F /* BoardStore.swift in Sources */ = {isa = PBXBuildFile; fileRef = AABB00000000000000000020 /* BoardStore.swift */; };
		AABB00000000000000000060 /* CloudKitSync.swift in Sources */ = {isa = PBXBuildFile; fileRef = AABB00000000000000000061 /* CloudKitSync.swift */; };
		AABB00000000000000000064 /* NativeBridgeModels.swift in Sources */ = {isa = PBXBuildFile; fileRef = AABB00000000000000000062 /* NativeBridgeModels.swift */; };
		AABB00000000000000000065 /* BridgeJavaScript.swift in Sources */ = {isa = PBXBuildFile; fileRef = AABB00000000000000000063 /* BridgeJavaScript.swift */; };
		AABB00000000000000000068 /* PhotoStore.swift in Sources */ = {isa = PBXBuildFile; fileRef = AABB00000000000000000067 /* PhotoStore.swift */; };
		AABB0000000000000000006B /* MigrationBundle.swift in Sources */ = {isa = PBXBuildFile; fileRef = AABB00000000000000000069 /* MigrationBundle.swift */; };
		AABB0000000000000000006C /* MigrationBundleExporter.swift in Sources */ = {isa = PBXBuildFile; fileRef = AABB0000000000000000006A /* MigrationBundleExporter.swift */; };
		AABB0000000000000000006E /* PhotoLibrarySaver.swift in Sources */ = {isa = PBXBuildFile; fileRef = AABB0000000000000000006D /* PhotoLibrarySaver.swift */; };
		AABB00000000000000000070 /* ImageExportService.swift in Sources */ = {isa = PBXBuildFile; fileRef = AABB0000000000000000006F /* ImageExportService.swift */; };
		AABB00000000000000000071 /* BoardStoreClient.swift in Sources */ = {isa = PBXBuildFile; fileRef = AABB00000000000000000072 /* BoardStoreClient.swift */; };
		AABB00000000000000000073 /* Clovery.storekit in Resources */ = {isa = PBXBuildFile; fileRef = AABB00000000000000000074 /* Clovery.storekit */; };
		AABB00000000000000000075 /* BoardEntitlementReporter.swift in Sources */ = {isa = PBXBuildFile; fileRef = AABB00000000000000000076 /* BoardEntitlementReporter.swift */; };
		AABB00000000000000000080 /* APIConfiguration.swift in Sources */ = {isa = PBXBuildFile; fileRef = AABB00000000000000000090 /* APIConfiguration.swift */; };
		AABB00000000000000000081 /* APIError.swift in Sources */ = {isa = PBXBuildFile; fileRef = AABB00000000000000000091 /* APIError.swift */; };
		AABB00000000000000000082 /* APIRequest.swift in Sources */ = {isa = PBXBuildFile; fileRef = AABB00000000000000000092 /* APIRequest.swift */; };
		AABB00000000000000000083 /* APIClient.swift in Sources */ = {isa = PBXBuildFile; fileRef = AABB00000000000000000093 /* APIClient.swift */; };
		AABB00000000000000000084 /* AuthenticationModels.swift in Sources */ = {isa = PBXBuildFile; fileRef = AABB00000000000000000094 /* AuthenticationModels.swift */; };
		AABB00000000000000000085 /* AuthenticationAPI.swift in Sources */ = {isa = PBXBuildFile; fileRef = AABB00000000000000000095 /* AuthenticationAPI.swift */; };
		AABB00000000000000000086 /* KeychainStore.swift in Sources */ = {isa = PBXBuildFile; fileRef = AABB00000000000000000096 /* KeychainStore.swift */; };
		AABB00000000000000000087 /* DeviceIdentityStore.swift in Sources */ = {isa = PBXBuildFile; fileRef = AABB00000000000000000097 /* DeviceIdentityStore.swift */; };
		AABB00000000000000000088 /* AuthenticationSessionStore.swift in Sources */ = {isa = PBXBuildFile; fileRef = AABB00000000000000000098 /* AuthenticationSessionStore.swift */; };
		AABB00000000000000000089 /* AuthenticationValidation.swift in Sources */ = {isa = PBXBuildFile; fileRef = AABB00000000000000000099 /* AuthenticationValidation.swift */; };
		AABB0000000000000000008A /* AuthenticationState.swift in Sources */ = {isa = PBXBuildFile; fileRef = AABB0000000000000000009A /* AuthenticationState.swift */; };
		AABB0000000000000000008B /* ApplicationSessionController.swift in Sources */ = {isa = PBXBuildFile; fileRef = AABB0000000000000000009B /* ApplicationSessionController.swift */; };
		AABB0000000000000000008C /* LoginViewModel.swift in Sources */ = {isa = PBXBuildFile; fileRef = AABB0000000000000000009C /* LoginViewModel.swift */; };
		AABB0000000000000000008D /* SignUpViewModel.swift in Sources */ = {isa = PBXBuildFile; fileRef = AABB0000000000000000009D /* SignUpViewModel.swift */; };
		AABB0000000000000000008E /* AuthenticationTheme.swift in Sources */ = {isa = PBXBuildFile; fileRef = AABB0000000000000000009E /* AuthenticationTheme.swift */; };
		AABB0000000000000000008F /* AuthenticationAssets.swift in Sources */ = {isa = PBXBuildFile; fileRef = AABB0000000000000000009F /* AuthenticationAssets.swift */; };
		AABB000000000000000000A0 /* AuthDashedCard.swift in Sources */ = {isa = PBXBuildFile; fileRef = AABB000000000000000000B0 /* AuthDashedCard.swift */; };
		AABB000000000000000000A1 /* AuthCapsuleField.swift in Sources */ = {isa = PBXBuildFile; fileRef = AABB000000000000000000B1 /* AuthCapsuleField.swift */; };
		AABB000000000000000000A2 /* AuthProviderButton.swift in Sources */ = {isa = PBXBuildFile; fileRef = AABB000000000000000000B2 /* AuthProviderButton.swift */; };
		AABB000000000000000000A3 /* AuthDivider.swift in Sources */ = {isa = PBXBuildFile; fileRef = AABB000000000000000000B3 /* AuthDivider.swift */; };
		AABB000000000000000000A4 /* AuthenticationEntryView.swift in Sources */ = {isa = PBXBuildFile; fileRef = AABB000000000000000000B4 /* AuthenticationEntryView.swift */; };
		AABB000000000000000000A5 /* AuthenticationFlowView.swift in Sources */ = {isa = PBXBuildFile; fileRef = AABB000000000000000000B5 /* AuthenticationFlowView.swift */; };
		AABB000000000000000000A6 /* LoginView.swift in Sources */ = {isa = PBXBuildFile; fileRef = AABB000000000000000000B6 /* LoginView.swift */; };
		AABB000000000000000000A7 /* SignUpView.swift in Sources */ = {isa = PBXBuildFile; fileRef = AABB000000000000000000B7 /* SignUpView.swift */; };
		AABB000000000000000000A8 /* RecoveryCodesView.swift in Sources */ = {isa = PBXBuildFile; fileRef = AABB000000000000000000B8 /* RecoveryCodesView.swift */; };
		AABB000000000000000000C0 /* ProviderAuthentication.swift in Sources */ = {isa = PBXBuildFile; fileRef = AABB000000000000000000D0 /* ProviderAuthentication.swift */; };
		AABB000000000000000000C1 /* AuthorizationControllerBridge.swift in Sources */ = {isa = PBXBuildFile; fileRef = AABB000000000000000000D1 /* AuthorizationControllerBridge.swift */; };
		AABB000000000000000000C2 /* AppleAuthenticationProvider.swift in Sources */ = {isa = PBXBuildFile; fileRef = AABB000000000000000000D2 /* AppleAuthenticationProvider.swift */; };
		AABB000000000000000000C3 /* WebAuthenticationProvider.swift in Sources */ = {isa = PBXBuildFile; fileRef = AABB000000000000000000D3 /* WebAuthenticationProvider.swift */; };
		AABB000000000000000000C4 /* WebAuthnSerialization.swift in Sources */ = {isa = PBXBuildFile; fileRef = AABB000000000000000000D4 /* WebAuthnSerialization.swift */; };
		AABB000000000000000000C5 /* PasskeyAuthenticationProvider.swift in Sources */ = {isa = PBXBuildFile; fileRef = AABB000000000000000000D5 /* PasskeyAuthenticationProvider.swift */; };
		AABB000000000000000000C6 /* AccountRecoveryViewModel.swift in Sources */ = {isa = PBXBuildFile; fileRef = AABB000000000000000000D6 /* AccountRecoveryViewModel.swift */; };
		AABB000000000000000000C7 /* AccountRecoveryView.swift in Sources */ = {isa = PBXBuildFile; fileRef = AABB000000000000000000D7 /* AccountRecoveryView.swift */; };
		AABB000000000000000000C8 /* AuthenticationProviderViewModel.swift in Sources */ = {isa = PBXBuildFile; fileRef = AABB000000000000000000D8 /* AuthenticationProviderViewModel.swift */; };
		AABB000000000000000000C9 /* ApplicationRootView.swift in Sources */ = {isa = PBXBuildFile; fileRef = AABB000000000000000000D9 /* ApplicationRootView.swift */; };
		AABB000000000000000000CA /* LegacyUpgradeController.swift in Sources */ = {isa = PBXBuildFile; fileRef = AABB000000000000000000DA /* LegacyUpgradeController.swift */; };
		AABB000000000000000000CB /* LegacyDataDetector.swift in Sources */ = {isa = PBXBuildFile; fileRef = AABB000000000000000000DB /* LegacyDataDetector.swift */; };
		AABB000000000000000000CC /* UpgradeNoticeView.swift in Sources */ = {isa = PBXBuildFile; fileRef = AABB000000000000000000DC /* UpgradeNoticeView.swift */; };
		FCECDFE02FE92C7C0067AF51 /* WidgetKit.framework in Frameworks */ = {isa = PBXBuildFile; fileRef = FCECDFDF2FE92C7C0067AF51 /* WidgetKit.framework */; };
		FCECDFE22FE92C7C0067AF51 /* SwiftUI.framework in Frameworks */ = {isa = PBXBuildFile; fileRef = FCECDFE12FE92C7C0067AF51 /* SwiftUI.framework */; };
		FCECDFEF2FE92C7D0067AF51 /* CloveryWidgetExtension.appex in Embed Foundation Extensions */ = {isa = PBXBuildFile; fileRef = FCECDFDD2FE92C7C0067AF51 /* CloveryWidgetExtension.appex */; settings = {ATTRIBUTES = (RemoveHeadersOnCopy, ); }; };
/* End PBXBuildFile section */

/* Begin PBXContainerItemProxy section */
		AACC0000000000000000000A /* PBXContainerItemProxy */ = {
			isa = PBXContainerItemProxy;
			containerPortal = AABB00000000000000000001 /* Project object */;
			proxyType = 1;
			remoteGlobalIDString = AABB00000000000000000031;
			remoteInfo = Clovery;
		};
		FCECDFED2FE92C7D0067AF51 /* PBXContainerItemProxy */ = {
			isa = PBXContainerItemProxy;
			containerPortal = AABB00000000000000000001 /* Project object */;
			proxyType = 1;
			remoteGlobalIDString = FCECDFDC2FE92C7C0067AF51;
			remoteInfo = CloveryWidgetExtension;
		};
/* End PBXContainerItemProxy section */

/* Begin PBXCopyFilesBuildPhase section */
		FCECDFF02FE92C7D0067AF51 /* Embed Foundation Extensions */ = {
			isa = PBXCopyFilesBuildPhase;
			buildActionMask = 2147483647;
			dstPath = "";
			dstSubfolderSpec = 13;
			files = (
				FCECDFEF2FE92C7D0067AF51 /* CloveryWidgetExtension.appex in Embed Foundation Extensions */,
			);
			name = "Embed Foundation Extensions";
			runOnlyForDeploymentPostprocessing = 0;
		};
/* End PBXCopyFilesBuildPhase section */

/* Begin PBXFileReference section */
		AABB00000000000000000005 /* fonts */ = {isa = PBXFileReference; lastKnownFileType = folder; path = fonts; sourceTree = "<group>"; };
		AABB00000000000000000006 /* Clovery.app */ = {isa = PBXFileReference; explicitFileType = wrapper.application; includeInIndex = 0; path = Clovery.app; sourceTree = BUILT_PRODUCTS_DIR; };
		AABB00000000000000000007 /* CloveryApp.swift */ = {isa = PBXFileReference; lastKnownFileType = sourcecode.swift; path = CloveryApp.swift; sourceTree = "<group>"; };
		AABB00000000000000000008 /* ContentView.swift */ = {isa = PBXFileReference; lastKnownFileType = sourcecode.swift; path = ContentView.swift; sourceTree = "<group>"; };
		AABB00000000000000000009 /* WebView.swift */ = {isa = PBXFileReference; lastKnownFileType = sourcecode.swift; path = WebView.swift; sourceTree = "<group>"; };
		AABB0000000000000000000B /* Assets.xcassets */ = {isa = PBXFileReference; lastKnownFileType = folder.assetcatalog; path = Assets.xcassets; sourceTree = "<group>"; };
		AABB0000000000000000000C /* Clover Diary.html */ = {isa = PBXFileReference; lastKnownFileType = text.html; path = "Clover Diary.html"; sourceTree = "<group>"; };
		AABB0000000000000000000F /* zh-Hans */ = {isa = PBXFileReference; lastKnownFileType = text.plist.strings; name = "zh-Hans"; path = "zh-Hans.lproj/InfoPlist.strings"; sourceTree = "<group>"; };
		AABB00000000000000000019 /* vendor */ = {isa = PBXFileReference; lastKnownFileType = folder; path = vendor; sourceTree = "<group>"; };
		AABB0000000000000000001C /* PrivacyInfo.xcprivacy */ = {isa = PBXFileReference; lastKnownFileType = text.xml; path = PrivacyInfo.xcprivacy; sourceTree = "<group>"; };
		AABB0000000000000000001D /* app.compiled.js */ = {isa = PBXFileReference; lastKnownFileType = sourcecode.javascript; path = app.compiled.js; sourceTree = "<group>"; };
		AABB00000000000000000020 /* BoardStore.swift */ = {isa = PBXFileReference; lastKnownFileType = sourcecode.swift; path = BoardStore.swift; sourceTree = "<group>"; };
		AABB00000000000000000061 /* CloudKitSync.swift */ = {isa = PBXFileReference; lastKnownFileType = sourcecode.swift; path = CloudKitSync.swift; sourceTree = "<group>"; };
		AABB00000000000000000062 /* NativeBridgeModels.swift */ = {isa = PBXFileReference; lastKnownFileType = sourcecode.swift; path = NativeBridgeModels.swift; sourceTree = "<group>"; };
		AABB00000000000000000063 /* BridgeJavaScript.swift */ = {isa = PBXFileReference; lastKnownFileType = sourcecode.swift; path = BridgeJavaScript.swift; sourceTree = "<group>"; };
		AABB00000000000000000066 /* Info.plist */ = {isa = PBXFileReference; lastKnownFileType = text.plist.xml; path = Info.plist; sourceTree = "<group>"; };
		AABB00000000000000000067 /* PhotoStore.swift */ = {isa = PBXFileReference; lastKnownFileType = sourcecode.swift; path = PhotoStore.swift; sourceTree = "<group>"; };
		AABB00000000000000000069 /* MigrationBundle.swift */ = {isa = PBXFileReference; lastKnownFileType = sourcecode.swift; path = MigrationBundle.swift; sourceTree = "<group>"; };
		AABB0000000000000000006A /* MigrationBundleExporter.swift */ = {isa = PBXFileReference; lastKnownFileType = sourcecode.swift; path = MigrationBundleExporter.swift; sourceTree = "<group>"; };
		AABB0000000000000000006D /* PhotoLibrarySaver.swift */ = {isa = PBXFileReference; lastKnownFileType = sourcecode.swift; path = PhotoLibrarySaver.swift; sourceTree = "<group>"; };
		AABB0000000000000000006F /* ImageExportService.swift */ = {isa = PBXFileReference; lastKnownFileType = sourcecode.swift; path = ImageExportService.swift; sourceTree = "<group>"; };
		AABB00000000000000000072 /* BoardStoreClient.swift */ = {isa = PBXFileReference; lastKnownFileType = sourcecode.swift; path = BoardStoreClient.swift; sourceTree = "<group>"; };
		AABB00000000000000000074 /* Clovery.storekit */ = {isa = PBXFileReference; lastKnownFileType = text; path = Clovery.storekit; sourceTree = "<group>"; };
		AABB00000000000000000076 /* BoardEntitlementReporter.swift */ = {isa = PBXFileReference; lastKnownFileType = sourcecode.swift; path = BoardEntitlementReporter.swift; sourceTree = "<group>"; };
		AABB00000000000000000090 /* APIConfiguration.swift */ = {isa = PBXFileReference; lastKnownFileType = sourcecode.swift; path = Core/Configuration/APIConfiguration.swift; sourceTree = "<group>"; };
		AABB00000000000000000091 /* APIError.swift */ = {isa = PBXFileReference; lastKnownFileType = sourcecode.swift; path = Core/Networking/APIError.swift; sourceTree = "<group>"; };
		AABB00000000000000000092 /* APIRequest.swift */ = {isa = PBXFileReference; lastKnownFileType = sourcecode.swift; path = Core/Networking/APIRequest.swift; sourceTree = "<group>"; };
		AABB00000000000000000093 /* APIClient.swift */ = {isa = PBXFileReference; lastKnownFileType = sourcecode.swift; path = Core/Networking/APIClient.swift; sourceTree = "<group>"; };
		AABB00000000000000000094 /* AuthenticationModels.swift */ = {isa = PBXFileReference; lastKnownFileType = sourcecode.swift; path = Features/Authentication/Data/AuthenticationModels.swift; sourceTree = "<group>"; };
		AABB00000000000000000095 /* AuthenticationAPI.swift */ = {isa = PBXFileReference; lastKnownFileType = sourcecode.swift; path = Features/Authentication/Data/AuthenticationAPI.swift; sourceTree = "<group>"; };
		AABB00000000000000000096 /* KeychainStore.swift */ = {isa = PBXFileReference; lastKnownFileType = sourcecode.swift; path = Core/Security/KeychainStore.swift; sourceTree = "<group>"; };
		AABB00000000000000000097 /* DeviceIdentityStore.swift */ = {isa = PBXFileReference; lastKnownFileType = sourcecode.swift; path = Core/Security/DeviceIdentityStore.swift; sourceTree = "<group>"; };
		AABB00000000000000000098 /* AuthenticationSessionStore.swift */ = {isa = PBXFileReference; lastKnownFileType = sourcecode.swift; path = Core/Security/AuthenticationSessionStore.swift; sourceTree = "<group>"; };
		AABB00000000000000000099 /* AuthenticationValidation.swift */ = {isa = PBXFileReference; lastKnownFileType = sourcecode.swift; path = Features/Authentication/Domain/AuthenticationValidation.swift; sourceTree = "<group>"; };
		AABB0000000000000000009A /* AuthenticationState.swift */ = {isa = PBXFileReference; lastKnownFileType = sourcecode.swift; path = Features/Authentication/Domain/AuthenticationState.swift; sourceTree = "<group>"; };
		AABB0000000000000000009B /* ApplicationSessionController.swift */ = {isa = PBXFileReference; lastKnownFileType = sourcecode.swift; path = Application/ApplicationSessionController.swift; sourceTree = "<group>"; };
		AABB0000000000000000009C /* LoginViewModel.swift */ = {isa = PBXFileReference; lastKnownFileType = sourcecode.swift; path = Features/Authentication/Presentation/LoginViewModel.swift; sourceTree = "<group>"; };
		AABB0000000000000000009D /* SignUpViewModel.swift */ = {isa = PBXFileReference; lastKnownFileType = sourcecode.swift; path = Features/Authentication/Presentation/SignUpViewModel.swift; sourceTree = "<group>"; };
		AABB0000000000000000009E /* AuthenticationTheme.swift */ = {isa = PBXFileReference; lastKnownFileType = sourcecode.swift; path = Features/Authentication/Presentation/AuthenticationTheme.swift; sourceTree = "<group>"; };
		AABB0000000000000000009F /* AuthenticationAssets.swift */ = {isa = PBXFileReference; lastKnownFileType = sourcecode.swift; path = Features/Authentication/Presentation/AuthenticationAssets.swift; sourceTree = "<group>"; };
		AABB000000000000000000B0 /* AuthDashedCard.swift */ = {isa = PBXFileReference; lastKnownFileType = sourcecode.swift; path = Features/Authentication/Presentation/Components/AuthDashedCard.swift; sourceTree = "<group>"; };
		AABB000000000000000000B1 /* AuthCapsuleField.swift */ = {isa = PBXFileReference; lastKnownFileType = sourcecode.swift; path = Features/Authentication/Presentation/Components/AuthCapsuleField.swift; sourceTree = "<group>"; };
		AABB000000000000000000B2 /* AuthProviderButton.swift */ = {isa = PBXFileReference; lastKnownFileType = sourcecode.swift; path = Features/Authentication/Presentation/Components/AuthProviderButton.swift; sourceTree = "<group>"; };
		AABB000000000000000000B3 /* AuthDivider.swift */ = {isa = PBXFileReference; lastKnownFileType = sourcecode.swift; path = Features/Authentication/Presentation/Components/AuthDivider.swift; sourceTree = "<group>"; };
		AABB000000000000000000B4 /* AuthenticationEntryView.swift */ = {isa = PBXFileReference; lastKnownFileType = sourcecode.swift; path = Features/Authentication/Presentation/AuthenticationEntryView.swift; sourceTree = "<group>"; };
		AABB000000000000000000B5 /* AuthenticationFlowView.swift */ = {isa = PBXFileReference; lastKnownFileType = sourcecode.swift; path = Features/Authentication/Presentation/AuthenticationFlowView.swift; sourceTree = "<group>"; };
		AABB000000000000000000B6 /* LoginView.swift */ = {isa = PBXFileReference; lastKnownFileType = sourcecode.swift; path = Features/Authentication/Presentation/LoginView.swift; sourceTree = "<group>"; };
		AABB000000000000000000B7 /* SignUpView.swift */ = {isa = PBXFileReference; lastKnownFileType = sourcecode.swift; path = Features/Authentication/Presentation/SignUpView.swift; sourceTree = "<group>"; };
		AABB000000000000000000B8 /* RecoveryCodesView.swift */ = {isa = PBXFileReference; lastKnownFileType = sourcecode.swift; path = Features/Authentication/Presentation/RecoveryCodesView.swift; sourceTree = "<group>"; };
		AABB000000000000000000D0 /* ProviderAuthentication.swift */ = {isa = PBXFileReference; lastKnownFileType = sourcecode.swift; path = Features/Authentication/Providers/ProviderAuthentication.swift; sourceTree = "<group>"; };
		AABB000000000000000000D1 /* AuthorizationControllerBridge.swift */ = {isa = PBXFileReference; lastKnownFileType = sourcecode.swift; path = Features/Authentication/Providers/AuthorizationControllerBridge.swift; sourceTree = "<group>"; };
		AABB000000000000000000D2 /* AppleAuthenticationProvider.swift */ = {isa = PBXFileReference; lastKnownFileType = sourcecode.swift; path = Features/Authentication/Providers/AppleAuthenticationProvider.swift; sourceTree = "<group>"; };
		AABB000000000000000000D3 /* WebAuthenticationProvider.swift */ = {isa = PBXFileReference; lastKnownFileType = sourcecode.swift; path = Features/Authentication/Providers/WebAuthenticationProvider.swift; sourceTree = "<group>"; };
		AABB000000000000000000D4 /* WebAuthnSerialization.swift */ = {isa = PBXFileReference; lastKnownFileType = sourcecode.swift; path = Features/Authentication/Providers/WebAuthnSerialization.swift; sourceTree = "<group>"; };
		AABB000000000000000000D5 /* PasskeyAuthenticationProvider.swift */ = {isa = PBXFileReference; lastKnownFileType = sourcecode.swift; path = Features/Authentication/Providers/PasskeyAuthenticationProvider.swift; sourceTree = "<group>"; };
		AABB000000000000000000D6 /* AccountRecoveryViewModel.swift */ = {isa = PBXFileReference; lastKnownFileType = sourcecode.swift; path = Features/Authentication/Presentation/AccountRecoveryViewModel.swift; sourceTree = "<group>"; };
		AABB000000000000000000D7 /* AccountRecoveryView.swift */ = {isa = PBXFileReference; lastKnownFileType = sourcecode.swift; path = Features/Authentication/Presentation/AccountRecoveryView.swift; sourceTree = "<group>"; };
		AABB000000000000000000D8 /* AuthenticationProviderViewModel.swift */ = {isa = PBXFileReference; lastKnownFileType = sourcecode.swift; path = Features/Authentication/Presentation/AuthenticationProviderViewModel.swift; sourceTree = "<group>"; };
		AABB000000000000000000D9 /* ApplicationRootView.swift */ = {isa = PBXFileReference; lastKnownFileType = sourcecode.swift; path = Application/ApplicationRootView.swift; sourceTree = "<group>"; };
		AABB000000000000000000DA /* LegacyUpgradeController.swift */ = {isa = PBXFileReference; lastKnownFileType = sourcecode.swift; path = Application/LegacyUpgradeController.swift; sourceTree = "<group>"; };
		AABB000000000000000000DB /* LegacyDataDetector.swift */ = {isa = PBXFileReference; lastKnownFileType = sourcecode.swift; path = Features/Upgrade/LegacyDataDetector.swift; sourceTree = "<group>"; };
		AABB000000000000000000DC /* UpgradeNoticeView.swift */ = {isa = PBXFileReference; lastKnownFileType = sourcecode.swift; path = Features/Upgrade/UpgradeNoticeView.swift; sourceTree = "<group>"; };
		AACC00000000000000000001 /* CloveryTests.xctest */ = {isa = PBXFileReference; explicitFileType = wrapper.cfbundle; includeInIndex = 0; path = CloveryTests.xctest; sourceTree = BUILT_PRODUCTS_DIR; };
		FC889A182FD464C9002510AD /* Clovery.entitlements */ = {isa = PBXFileReference; lastKnownFileType = text.plist.entitlements; path = Clovery.entitlements; sourceTree = "<group>"; };
		FCECDFDD2FE92C7C0067AF51 /* CloveryWidgetExtension.appex */ = {isa = PBXFileReference; explicitFileType = "wrapper.app-extension"; includeInIndex = 0; path = CloveryWidgetExtension.appex; sourceTree = BUILT_PRODUCTS_DIR; };
		FCECDFDF2FE92C7C0067AF51 /* WidgetKit.framework */ = {isa = PBXFileReference; lastKnownFileType = wrapper.framework; name = WidgetKit.framework; path = System/Library/Frameworks/WidgetKit.framework; sourceTree = SDKROOT; };
		FCECDFE12FE92C7C0067AF51 /* SwiftUI.framework */ = {isa = PBXFileReference; lastKnownFileType = wrapper.framework; name = SwiftUI.framework; path = System/Library/Frameworks/SwiftUI.framework; sourceTree = SDKROOT; };
		FCECDFF52FE92CA80067AF51 /* CloveryWidgetExtension.entitlements */ = {isa = PBXFileReference; lastKnownFileType = text.plist.entitlements; path = CloveryWidgetExtension.entitlements; sourceTree = "<group>"; };
/* End PBXFileReference section */

/* Begin PBXFileSystemSynchronizedBuildFileExceptionSet section */
		FCECDFF32FE92C7D0067AF51 /* PBXFileSystemSynchronizedBuildFileExceptionSet */ = {
			isa = PBXFileSystemSynchronizedBuildFileExceptionSet;
			membershipExceptions = (
				Info.plist,
			);
			target = FCECDFDC2FE92C7C0067AF51 /* CloveryWidgetExtension */;
		};
/* End PBXFileSystemSynchronizedBuildFileExceptionSet section */

/* Begin PBXFileSystemSynchronizedRootGroup section */
		AACC00000000000000000002 /* CloveryTests */ = {isa = PBXFileSystemSynchronizedRootGroup; explicitFileTypes = {}; explicitFolders = (); path = CloveryTests; sourceTree = "<group>"; };
		FCECDFE32FE92C7C0067AF51 /* CloveryWidget */ = {isa = PBXFileSystemSynchronizedRootGroup; exceptions = (FCECDFF32FE92C7D0067AF51 /* PBXFileSystemSynchronizedBuildFileExceptionSet */, ); explicitFileTypes = {}; explicitFolders = (); path = CloveryWidget; sourceTree = "<group>"; };
/* End PBXFileSystemSynchronizedRootGroup section */

/* Begin PBXFrameworksBuildPhase section */
		AACC00000000000000000005 /* Frameworks */ = {
			isa = PBXFrameworksBuildPhase;
			buildActionMask = 2147483647;
			files = (
			);
			runOnlyForDeploymentPostprocessing = 0;
		};
		AABB00000000000000000022 /* Frameworks */ = {
			isa = PBXFrameworksBuildPhase;
			buildActionMask = 2147483647;
			files = (
			);
			runOnlyForDeploymentPostprocessing = 0;
		};
		FCECDFDA2FE92C7C0067AF51 /* Frameworks */ = {
			isa = PBXFrameworksBuildPhase;
			buildActionMask = 2147483647;
			files = (
				FCECDFE22FE92C7C0067AF51 /* SwiftUI.framework in Frameworks */,
				FCECDFE02FE92C7C0067AF51 /* WidgetKit.framework in Frameworks */,
			);
			runOnlyForDeploymentPostprocessing = 0;
		};
/* End PBXFrameworksBuildPhase section */

/* Begin PBXGroup section */
		AABB00000000000000000002 = {
			isa = PBXGroup;
			children = (
				FCECDFF52FE92CA80067AF51 /* CloveryWidgetExtension.entitlements */,
				AABB00000000000000000003 /* Clovery */,
				AACC00000000000000000002 /* CloveryTests */,
				FCECDFE32FE92C7C0067AF51 /* CloveryWidget */,
				FCECDFDE2FE92C7C0067AF51 /* Frameworks */,
				AABB00000000000000000004 /* Products */,
			);
			sourceTree = "<group>";
		};
		AABB00000000000000000003 /* Clovery */ = {
			isa = PBXGroup;
			children = (
				FC889A182FD464C9002510AD /* Clovery.entitlements */,
				AABB00000000000000000066 /* Info.plist */,
				AABB00000000000000000007 /* CloveryApp.swift */,
				AABB00000000000000000008 /* ContentView.swift */,
				AABB00000000000000000009 /* WebView.swift */,
				AABB00000000000000000076 /* BoardEntitlementReporter.swift */,
				AABB00000000000000000090 /* APIConfiguration.swift */,
				AABB00000000000000000091 /* APIError.swift */,
				AABB00000000000000000092 /* APIRequest.swift */,
				AABB00000000000000000093 /* APIClient.swift */,
				AABB00000000000000000094 /* AuthenticationModels.swift */,
				AABB00000000000000000095 /* AuthenticationAPI.swift */,
				AABB00000000000000000096 /* KeychainStore.swift */,
				AABB00000000000000000097 /* DeviceIdentityStore.swift */,
				AABB00000000000000000098 /* AuthenticationSessionStore.swift */,
				AABB00000000000000000099 /* AuthenticationValidation.swift */,
				AABB0000000000000000009A /* AuthenticationState.swift */,
				AABB0000000000000000009B /* ApplicationSessionController.swift */,
				AABB0000000000000000009C /* LoginViewModel.swift */,
				AABB0000000000000000009D /* SignUpViewModel.swift */,
				AABB0000000000000000009E /* AuthenticationTheme.swift */,
				AABB0000000000000000009F /* AuthenticationAssets.swift */,
				AABB000000000000000000B0 /* AuthDashedCard.swift */,
				AABB000000000000000000B1 /* AuthCapsuleField.swift */,
				AABB000000000000000000B2 /* AuthProviderButton.swift */,
				AABB000000000000000000B3 /* AuthDivider.swift */,
				AABB000000000000000000B4 /* AuthenticationEntryView.swift */,
				AABB000000000000000000B5 /* AuthenticationFlowView.swift */,
				AABB000000000000000000B6 /* LoginView.swift */,
				AABB000000000000000000B7 /* SignUpView.swift */,
				AABB000000000000000000B8 /* RecoveryCodesView.swift */,
				AABB000000000000000000D0 /* ProviderAuthentication.swift */,
				AABB000000000000000000D1 /* AuthorizationControllerBridge.swift */,
				AABB000000000000000000D2 /* AppleAuthenticationProvider.swift */,
				AABB000000000000000000D3 /* WebAuthenticationProvider.swift */,
				AABB000000000000000000D4 /* WebAuthnSerialization.swift */,
				AABB000000000000000000D5 /* PasskeyAuthenticationProvider.swift */,
				AABB000000000000000000D6 /* AccountRecoveryViewModel.swift */,
				AABB000000000000000000D7 /* AccountRecoveryView.swift */,
				AABB000000000000000000D8 /* AuthenticationProviderViewModel.swift */,
				AABB000000000000000000D9 /* ApplicationRootView.swift */,
				AABB000000000000000000DA /* LegacyUpgradeController.swift */,
				AABB000000000000000000DB /* LegacyDataDetector.swift */,
				AABB000000000000000000DC /* UpgradeNoticeView.swift */,
				AABB00000000000000000020 /* BoardStore.swift */,
				AABB00000000000000000072 /* BoardStoreClient.swift */,
				AABB00000000000000000074 /* Clovery.storekit */,
				AABB00000000000000000061 /* CloudKitSync.swift */,
				AABB00000000000000000062 /* NativeBridgeModels.swift */,
				AABB00000000000000000063 /* BridgeJavaScript.swift */,
				AABB00000000000000000067 /* PhotoStore.swift */,
				AABB00000000000000000069 /* MigrationBundle.swift */,
				AABB0000000000000000006A /* MigrationBundleExporter.swift */,
				AABB0000000000000000006D /* PhotoLibrarySaver.swift */,
				AABB0000000000000000006F /* ImageExportService.swift */,
				AABB0000000000000000000B /* Assets.xcassets */,
				AABB0000000000000000000C /* Clover Diary.html */,
				AABB0000000000000000001D /* app.compiled.js */,
				AABB00000000000000000005 /* fonts */,
				AABB00000000000000000019 /* vendor */,
				AABB0000000000000000001C /* PrivacyInfo.xcprivacy */,
				AABB00000000000000000010 /* InfoPlist.strings */,
			);
			path = Clovery;
			sourceTree = "<group>";
		};
		AABB00000000000000000004 /* Products */ = {
			isa = PBXGroup;
			children = (
				AABB00000000000000000006 /* Clovery.app */,
				FCECDFDD2FE92C7C0067AF51 /* CloveryWidgetExtension.appex */,
				AACC00000000000000000001 /* CloveryTests.xctest */,
			);
			name = Products;
			sourceTree = "<group>";
		};
		FCECDFDE2FE92C7C0067AF51 /* Frameworks */ = {
			isa = PBXGroup;
			children = (
				FCECDFDF2FE92C7C0067AF51 /* WidgetKit.framework */,
				FCECDFE12FE92C7C0067AF51 /* SwiftUI.framework */,
			);
			name = Frameworks;
			sourceTree = "<group>";
		};
/* End PBXGroup section */

/* Begin PBXNativeTarget section */
		AACC00000000000000000003 /* CloveryTests */ = {
			isa = PBXNativeTarget;
			buildConfigurationList = AACC00000000000000000007 /* Build configuration list for PBXNativeTarget "CloveryTests" */;
			buildPhases = (
				AACC00000000000000000004 /* Sources */,
				AACC00000000000000000005 /* Frameworks */,
				AACC00000000000000000006 /* Resources */,
			);
			buildRules = (
			);
			dependencies = (
				AACC0000000000000000000B /* PBXTargetDependency */,
			);
			fileSystemSynchronizedGroups = (
				AACC00000000000000000002 /* CloveryTests */,
			);
			name = CloveryTests;
			productName = CloveryTests;
			productReference = AACC00000000000000000001 /* CloveryTests.xctest */;
			productType = "com.apple.product-type.bundle.unit-test";
		};
		AABB00000000000000000031 /* Clovery */ = {
			isa = PBXNativeTarget;
			buildConfigurationList = AABB00000000000000000052 /* Build configuration list for PBXNativeTarget "Clovery" */;
			buildPhases = (
				AABB00000000000000000021 /* Sources */,
				AABB00000000000000000022 /* Frameworks */,
				AABB00000000000000000023 /* Resources */,
				FCECDFF02FE92C7D0067AF51 /* Embed Foundation Extensions */,
			);
			buildRules = (
			);
			dependencies = (
				FCECDFEE2FE92C7D0067AF51 /* PBXTargetDependency */,
			);
			name = Clovery;
			productName = Clovery;
			productReference = AABB00000000000000000006 /* Clovery.app */;
			productType = "com.apple.product-type.application";
		};
		FCECDFDC2FE92C7C0067AF51 /* CloveryWidgetExtension */ = {
			isa = PBXNativeTarget;
			buildConfigurationList = FCECDFF42FE92C7D0067AF51 /* Build configuration list for PBXNativeTarget "CloveryWidgetExtension" */;
			buildPhases = (
				FCECDFD92FE92C7C0067AF51 /* Sources */,
				FCECDFDA2FE92C7C0067AF51 /* Frameworks */,
				FCECDFDB2FE92C7C0067AF51 /* Resources */,
			);
			buildRules = (
			);
			dependencies = (
			);
			fileSystemSynchronizedGroups = (
				FCECDFE32FE92C7C0067AF51 /* CloveryWidget */,
			);
			name = CloveryWidgetExtension;
			packageProductDependencies = (
			);
			productName = CloveryWidgetExtension;
			productReference = FCECDFDD2FE92C7C0067AF51 /* CloveryWidgetExtension.appex */;
			productType = "com.apple.product-type.app-extension";
		};
/* End PBXNativeTarget section */

/* Begin PBXProject section */
		AABB00000000000000000001 /* Project object */ = {
			isa = PBXProject;
			attributes = {
				BuildIndependentTargetsInParallel = 1;
				LastSwiftUpdateCheck = 2640;
				LastUpgradeCheck = 2640;
				TargetAttributes = {
					AABB00000000000000000031 = {
						CreatedOnToolsVersion = 16.0;
					};
					AACC00000000000000000003 = {
						CreatedOnToolsVersion = 26.0;
						TestTargetID = AABB00000000000000000031;
					};
					FCECDFDC2FE92C7C0067AF51 = {
						CreatedOnToolsVersion = 26.4.1;
					};
				};
			};
			buildConfigurationList = AABB00000000000000000051 /* Build configuration list for PBXProject "Clovery" */;
			compatibilityVersion = "Xcode 14.0";
			developmentRegion = en;
			hasScannedForEncodings = 0;
			knownRegions = (
				en,
				Base,
				"zh-Hans",
			);
			mainGroup = AABB00000000000000000002;
			productRefGroup = AABB00000000000000000004 /* Products */;
			projectDirPath = "";
			projectRoot = "";
			targets = (
				AABB00000000000000000031 /* Clovery */,
				FCECDFDC2FE92C7C0067AF51 /* CloveryWidgetExtension */,
				AACC00000000000000000003 /* CloveryTests */,
			);
		};
/* End PBXProject section */

/* Begin PBXResourcesBuildPhase section */
		AACC00000000000000000006 /* Resources */ = {
			isa = PBXResourcesBuildPhase;
			buildActionMask = 2147483647;
			files = (
			);
			runOnlyForDeploymentPostprocessing = 0;
		};
		AABB00000000000000000023 /* Resources */ = {
			isa = PBXResourcesBuildPhase;
			buildActionMask = 2147483647;
			files = (
				AABB00000000000000000073 /* Clovery.storekit in Resources */,
				AABB00000000000000000014 /* Assets.xcassets in Resources */,
				AABB00000000000000000015 /* Clover Diary.html in Resources */,
				AABB0000000000000000001E /* app.compiled.js in Resources */,
				AABB00000000000000000016 /* fonts in Resources */,
				AABB0000000000000000001A /* vendor in Resources */,
				AABB0000000000000000001B /* PrivacyInfo.xcprivacy in Resources */,
				AABB00000000000000000018 /* InfoPlist.strings in Resources */,
			);
			runOnlyForDeploymentPostprocessing = 0;
		};
		FCECDFDB2FE92C7C0067AF51 /* Resources */ = {
			isa = PBXResourcesBuildPhase;
			buildActionMask = 2147483647;
			files = (
			);
			runOnlyForDeploymentPostprocessing = 0;
		};
/* End PBXResourcesBuildPhase section */

/* Begin PBXSourcesBuildPhase section */
		AACC00000000000000000004 /* Sources */ = {
			isa = PBXSourcesBuildPhase;
			buildActionMask = 2147483647;
			files = (
			);
			runOnlyForDeploymentPostprocessing = 0;
		};
		AABB00000000000000000021 /* Sources */ = {
			isa = PBXSourcesBuildPhase;
			buildActionMask = 2147483647;
			files = (
				AABB00000000000000000011 /* CloveryApp.swift in Sources */,
				AABB00000000000000000012 /* ContentView.swift in Sources */,
				AABB00000000000000000013 /* WebView.swift in Sources */,
				AABB00000000000000000075 /* BoardEntitlementReporter.swift in Sources */,
				AABB0000000000000000001F /* BoardStore.swift in Sources */,
				AABB00000000000000000071 /* BoardStoreClient.swift in Sources */,
				AABB00000000000000000060 /* CloudKitSync.swift in Sources */,
				AABB00000000000000000064 /* NativeBridgeModels.swift in Sources */,
				AABB00000000000000000065 /* BridgeJavaScript.swift in Sources */,
				AABB00000000000000000068 /* PhotoStore.swift in Sources */,
				AABB0000000000000000006B /* MigrationBundle.swift in Sources */,
				AABB0000000000000000006C /* MigrationBundleExporter.swift in Sources */,
				AABB0000000000000000006E /* PhotoLibrarySaver.swift in Sources */,
				AABB00000000000000000070 /* ImageExportService.swift in Sources */,
				AABB00000000000000000080 /* APIConfiguration.swift in Sources */,
				AABB00000000000000000081 /* APIError.swift in Sources */,
				AABB00000000000000000082 /* APIRequest.swift in Sources */,
				AABB00000000000000000083 /* APIClient.swift in Sources */,
				AABB00000000000000000084 /* AuthenticationModels.swift in Sources */,
				AABB00000000000000000085 /* AuthenticationAPI.swift in Sources */,
				AABB00000000000000000086 /* KeychainStore.swift in Sources */,
				AABB00000000000000000087 /* DeviceIdentityStore.swift in Sources */,
				AABB00000000000000000088 /* AuthenticationSessionStore.swift in Sources */,
				AABB00000000000000000089 /* AuthenticationValidation.swift in Sources */,
				AABB0000000000000000008A /* AuthenticationState.swift in Sources */,
				AABB0000000000000000008B /* ApplicationSessionController.swift in Sources */,
				AABB0000000000000000008C /* LoginViewModel.swift in Sources */,
				AABB0000000000000000008D /* SignUpViewModel.swift in Sources */,
				AABB0000000000000000008E /* AuthenticationTheme.swift in Sources */,
				AABB0000000000000000008F /* AuthenticationAssets.swift in Sources */,
				AABB000000000000000000A0 /* AuthDashedCard.swift in Sources */,
				AABB000000000000000000A1 /* AuthCapsuleField.swift in Sources */,
				AABB000000000000000000A2 /* AuthProviderButton.swift in Sources */,
				AABB000000000000000000A3 /* AuthDivider.swift in Sources */,
				AABB000000000000000000A4 /* AuthenticationEntryView.swift in Sources */,
				AABB000000000000000000A5 /* AuthenticationFlowView.swift in Sources */,
				AABB000000000000000000A6 /* LoginView.swift in Sources */,
				AABB000000000000000000A7 /* SignUpView.swift in Sources */,
				AABB000000000000000000A8 /* RecoveryCodesView.swift in Sources */,
				AABB000000000000000000C0 /* ProviderAuthentication.swift in Sources */,
				AABB000000000000000000C1 /* AuthorizationControllerBridge.swift in Sources */,
				AABB000000000000000000C2 /* AppleAuthenticationProvider.swift in Sources */,
				AABB000000000000000000C3 /* WebAuthenticationProvider.swift in Sources */,
				AABB000000000000000000C4 /* WebAuthnSerialization.swift in Sources */,
				AABB000000000000000000C5 /* PasskeyAuthenticationProvider.swift in Sources */,
				AABB000000000000000000C6 /* AccountRecoveryViewModel.swift in Sources */,
				AABB000000000000000000C7 /* AccountRecoveryView.swift in Sources */,
				AABB000000000000000000C8 /* AuthenticationProviderViewModel.swift in Sources */,
				AABB000000000000000000C9 /* ApplicationRootView.swift in Sources */,
				AABB000000000000000000CA /* LegacyUpgradeController.swift in Sources */,
				AABB000000000000000000CB /* LegacyDataDetector.swift in Sources */,
				AABB000000000000000000CC /* UpgradeNoticeView.swift in Sources */,
			);
			runOnlyForDeploymentPostprocessing = 0;
		};
		FCECDFD92FE92C7C0067AF51 /* Sources */ = {
			isa = PBXSourcesBuildPhase;
			buildActionMask = 2147483647;
			files = (
			);
			runOnlyForDeploymentPostprocessing = 0;
		};
/* End PBXSourcesBuildPhase section */

/* Begin PBXTargetDependency section */
		AACC0000000000000000000B /* PBXTargetDependency */ = {
			isa = PBXTargetDependency;
			target = AABB00000000000000000031 /* Clovery */;
			targetProxy = AACC0000000000000000000A /* PBXContainerItemProxy */;
		};
		FCECDFEE2FE92C7D0067AF51 /* PBXTargetDependency */ = {
			isa = PBXTargetDependency;
			target = FCECDFDC2FE92C7C0067AF51 /* CloveryWidgetExtension */;
			targetProxy = FCECDFED2FE92C7D0067AF51 /* PBXContainerItemProxy */;
		};
/* End PBXTargetDependency section */

/* Begin PBXVariantGroup section */
		AABB00000000000000000010 /* InfoPlist.strings */ = {
			isa = PBXVariantGroup;
			children = (
				AABB0000000000000000000F /* zh-Hans */,
			);
			name = InfoPlist.strings;
			sourceTree = "<group>";
		};
/* End PBXVariantGroup section */

/* Begin XCBuildConfiguration section */
		AACC00000000000000000008 /* Debug */ = {
			isa = XCBuildConfiguration;
			buildSettings = {
				BUNDLE_LOADER = "$(TEST_HOST)";
				CODE_SIGN_STYLE = Automatic;
				CURRENT_PROJECT_VERSION = 1;
				DEVELOPMENT_TEAM = M92TBSSR2R;
				GENERATE_INFOPLIST_FILE = YES;
				IPHONEOS_DEPLOYMENT_TARGET = 16.0;
				MARKETING_VERSION = 1.0;
				PRODUCT_BUNDLE_IDENTIFIER = com.clovery.app.tests;
				PRODUCT_NAME = "$(TARGET_NAME)";
				SWIFT_EMIT_LOC_STRINGS = NO;
				SWIFT_VERSION = 5.0;
				TARGETED_DEVICE_FAMILY = 1;
				TEST_HOST = "$(BUILT_PRODUCTS_DIR)/Clovery.app/$(BUNDLE_EXECUTABLE_FOLDER_PATH)/Clovery";
			};
			name = Debug;
		};
		AACC00000000000000000009 /* Release */ = {
			isa = XCBuildConfiguration;
			buildSettings = {
				BUNDLE_LOADER = "$(TEST_HOST)";
				CODE_SIGN_STYLE = Automatic;
				CURRENT_PROJECT_VERSION = 1;
				DEVELOPMENT_TEAM = M92TBSSR2R;
				GENERATE_INFOPLIST_FILE = YES;
				IPHONEOS_DEPLOYMENT_TARGET = 16.0;
				MARKETING_VERSION = 1.0;
				PRODUCT_BUNDLE_IDENTIFIER = com.clovery.app.tests;
				PRODUCT_NAME = "$(TARGET_NAME)";
				SWIFT_EMIT_LOC_STRINGS = NO;
				SWIFT_VERSION = 5.0;
				TARGETED_DEVICE_FAMILY = 1;
				TEST_HOST = "$(BUILT_PRODUCTS_DIR)/Clovery.app/$(BUNDLE_EXECUTABLE_FOLDER_PATH)/Clovery";
			};
			name = Release;
		};
		AABB00000000000000000041 /* Debug */ = {
			isa = XCBuildConfiguration;
			buildSettings = {
				ALWAYS_SEARCH_USER_PATHS = NO;
				ASSETCATALOG_COMPILER_GENERATE_ASSET_SYMBOLS = YES;
				CLANG_ANALYZER_LOCALIZABILITY_NONLOCALIZED = YES;
				CLANG_ANALYZER_NONNULL = YES;
				CLANG_CXX_LANGUAGE_STANDARD = "gnu++20";
				CLANG_ENABLE_MODULES = YES;
				CLANG_ENABLE_OBJC_ARC = YES;
				CLANG_ENABLE_OBJC_WEAK = YES;
				CLANG_WARN_BLOCK_CAPTURE_AUTORELEASING = YES;
				CLANG_WARN_BOOL_CONVERSION = YES;
				CLANG_WARN_COMMA = YES;
				CLANG_WARN_CONSTANT_CONVERSION = YES;
				CLANG_WARN_DEPRECATED_OBJC_IMPLEMENTATIONS = YES;
				CLANG_WARN_DIRECT_OBJC_ISA_USAGE = YES_ERROR;
				CLANG_WARN_DOCUMENTATION_COMMENTS = YES;
				CLANG_WARN_EMPTY_BODY = YES;
				CLANG_WARN_ENUM_CONVERSION = YES;
				CLANG_WARN_INFINITE_RECURSION = YES;
				CLANG_WARN_INT_CONVERSION = YES;
				CLANG_WARN_NON_LITERAL_NULL_CONVERSION = YES;
				CLANG_WARN_OBJC_IMPLICIT_RETAIN_CYCLE = YES;
				CLANG_WARN_OBJC_IMPLICIT_RETAIN_SELF = YES;
				CLANG_WARN_OBJC_LITERAL_CONVERSION = YES;
				CLANG_WARN_OBJC_ROOT_CLASS = YES_ERROR;
				CLANG_WARN_QUOTED_INCLUDE_IN_FRAMEWORK_HEADER = YES;
				CLANG_WARN_RANGE_LOOP_ANALYSIS = YES;
				CLANG_WARN_STRICT_PROTOTYPES = YES;
				CLANG_WARN_SUSPICIOUS_MOVE = YES;
				CLANG_WARN_UNGUARDED_AVAILABILITY = YES_AGGRESSIVE;
				CLANG_WARN_UNREACHABLE_CODE = YES;
				CLANG_WARN__DUPLICATE_METHOD_MATCH = YES;
				COPY_PHASE_STRIP = NO;
				DEBUG_INFORMATION_FORMAT = dwarf;
				ENABLE_STRICT_OBJC_MSGSEND = YES;
				ENABLE_TESTABILITY = YES;
				ENABLE_USER_SCRIPT_SANDBOXING = YES;
				GCC_C_LANGUAGE_STANDARD = gnu17;
				GCC_DYNAMIC_NO_PIC = NO;
				GCC_NO_COMMON_BLOCKS = YES;
				GCC_OPTIMIZATION_LEVEL = 0;
				GCC_PREPROCESSOR_DEFINITIONS = (
					"DEBUG=1",
					"$(inherited)",
				);
				GCC_WARN_64_TO_32_BIT_CONVERSION = YES;
				GCC_WARN_ABOUT_RETURN_TYPE = YES_ERROR;
				GCC_WARN_UNDECLARED_SELECTOR = YES;
				GCC_WARN_UNINITIALIZED_AUTOS = YES_AGGRESSIVE;
				GCC_WARN_UNUSED_FUNCTION = YES;
				GCC_WARN_UNUSED_VARIABLE = YES;
				IPHONEOS_DEPLOYMENT_TARGET = 16.0;
				MTL_ENABLE_DEBUG_INFO = INCLUDE_SOURCE;
				MTL_FAST_MATH = YES;
				ONLY_ACTIVE_ARCH = YES;
				SDKROOT = iphoneos;
				STRING_CATALOG_GENERATE_SYMBOLS = YES;
				SWIFT_ACTIVE_COMPILATION_CONDITIONS = "DEBUG $(inherited)";
				SWIFT_OPTIMIZATION_LEVEL = "-Onone";
			};
			name = Debug;
		};
		AABB00000000000000000042 /* Release */ = {
			isa = XCBuildConfiguration;
			buildSettings = {
				ALWAYS_SEARCH_USER_PATHS = NO;
				ASSETCATALOG_COMPILER_GENERATE_ASSET_SYMBOLS = YES;
				CLANG_ANALYZER_LOCALIZABILITY_NONLOCALIZED = YES;
				CLANG_ANALYZER_NONNULL = YES;
				CLANG_CXX_LANGUAGE_STANDARD = "gnu++20";
				CLANG_ENABLE_MODULES = YES;
				CLANG_ENABLE_OBJC_ARC = YES;
				CLANG_ENABLE_OBJC_WEAK = YES;
				CLANG_WARN_BLOCK_CAPTURE_AUTORELEASING = YES;
				CLANG_WARN_BOOL_CONVERSION = YES;
				CLANG_WARN_COMMA = YES;
				CLANG_WARN_CONSTANT_CONVERSION = YES;
				CLANG_WARN_DEPRECATED_OBJC_IMPLEMENTATIONS = YES;
				CLANG_WARN_DIRECT_OBJC_ISA_USAGE = YES_ERROR;
				CLANG_WARN_DOCUMENTATION_COMMENTS = YES;
				CLANG_WARN_EMPTY_BODY = YES;
				CLANG_WARN_ENUM_CONVERSION = YES;
				CLANG_WARN_INFINITE_RECURSION = YES;
				CLANG_WARN_INT_CONVERSION = YES;
				CLANG_WARN_NON_LITERAL_NULL_CONVERSION = YES;
				CLANG_WARN_OBJC_IMPLICIT_RETAIN_CYCLE = YES;
				CLANG_WARN_OBJC_IMPLICIT_RETAIN_SELF = YES;
				CLANG_WARN_OBJC_LITERAL_CONVERSION = YES;
				CLANG_WARN_OBJC_ROOT_CLASS = YES_ERROR;
				CLANG_WARN_QUOTED_INCLUDE_IN_FRAMEWORK_HEADER = YES;
				CLANG_WARN_RANGE_LOOP_ANALYSIS = YES;
				CLANG_WARN_STRICT_PROTOTYPES = YES;
				CLANG_WARN_SUSPICIOUS_MOVE = YES;
				CLANG_WARN_UNGUARDED_AVAILABILITY = YES_AGGRESSIVE;
				CLANG_WARN_UNREACHABLE_CODE = YES;
				CLANG_WARN__DUPLICATE_METHOD_MATCH = YES;
				COPY_PHASE_STRIP = NO;
				DEBUG_INFORMATION_FORMAT = "dwarf-with-dsym";
				ENABLE_NS_ASSERTIONS = NO;
				ENABLE_STRICT_OBJC_MSGSEND = YES;
				ENABLE_USER_SCRIPT_SANDBOXING = YES;
				GCC_C_LANGUAGE_STANDARD = gnu17;
				GCC_NO_COMMON_BLOCKS = YES;
				GCC_WARN_64_TO_32_BIT_CONVERSION = YES;
				GCC_WARN_ABOUT_RETURN_TYPE = YES_ERROR;
				GCC_WARN_UNDECLARED_SELECTOR = YES;
				GCC_WARN_UNINITIALIZED_AUTOS = YES_AGGRESSIVE;
				GCC_WARN_UNUSED_FUNCTION = YES;
				GCC_WARN_UNUSED_VARIABLE = YES;
				IPHONEOS_DEPLOYMENT_TARGET = 16.0;
				MTL_FAST_MATH = YES;
				SDKROOT = iphoneos;
				STRING_CATALOG_GENERATE_SYMBOLS = YES;
				SWIFT_COMPILATION_MODE = wholemodule;
				VALIDATE_PRODUCT = YES;
			};
			name = Release;
		};
		AABB00000000000000000043 /* Debug */ = {
			isa = XCBuildConfiguration;
			buildSettings = {
				ASSETCATALOG_COMPILER_APPICON_NAME = AppIcon;
				ASSETCATALOG_COMPILER_GLOBAL_ACCENT_COLOR_NAME = AccentColor;
				CODE_SIGN_ENTITLEMENTS = Clovery/Clovery.entitlements;
				CODE_SIGN_IDENTITY = "Apple Development";
				CODE_SIGN_STYLE = Automatic;
				CLOVERY_SOURCE_COMMIT = NOT_SET;
				CURRENT_PROJECT_VERSION = 14;
				DEVELOPMENT_TEAM = M92TBSSR2R;
				GENERATE_INFOPLIST_FILE = YES;
				INFOPLIST_FILE = Clovery/Info.plist;
				INFOPLIST_KEY_CFBundleDisplayName = Clovery;
				INFOPLIST_KEY_ITSAppUsesNonExemptEncryption = NO;
				INFOPLIST_KEY_NSCameraUsageDescription = "Clovery uses your camera to add photos to diary entries.";
				INFOPLIST_KEY_NSPhotoLibraryAddUsageDescription = "Clovery saves your lucky moment cards to Photos.";
				INFOPLIST_KEY_NSPhotoLibraryUsageDescription = "Clovery accesses your photo library to add photos to diary entries.";
				INFOPLIST_KEY_UIApplicationSceneManifest_Generation = YES;
				INFOPLIST_KEY_UILaunchScreen_Generation = YES;
				INFOPLIST_KEY_UISupportedInterfaceOrientations_iPhone = UIInterfaceOrientationPortrait;
				LD_RUNPATH_SEARCH_PATHS = (
					"$(inherited)",
					"@executable_path/Frameworks",
				);
				MARKETING_VERSION = 1.0.3;
				PRODUCT_BUNDLE_IDENTIFIER = com.clovery.app;
				PRODUCT_NAME = "$(TARGET_NAME)";
				PROVISIONING_PROFILE_SPECIFIER = "";
				SUPPORTED_PLATFORMS = "iphoneos iphonesimulator";
				SUPPORTS_MACCATALYST = NO;
				SUPPORTS_MAC_DESIGNED_FOR_IPHONE_IPAD = NO;
				SUPPORTS_XR_DESIGNED_FOR_IPHONE_IPAD = NO;
				SWIFT_EMIT_LOC_STRINGS = YES;
				SWIFT_VERSION = 5.0;
				TARGETED_DEVICE_FAMILY = 1;
			};
			name = Debug;
		};
		AABB00000000000000000044 /* Release */ = {
			isa = XCBuildConfiguration;
			buildSettings = {
				ASSETCATALOG_COMPILER_APPICON_NAME = AppIcon;
				ASSETCATALOG_COMPILER_GLOBAL_ACCENT_COLOR_NAME = AccentColor;
				CODE_SIGN_ENTITLEMENTS = Clovery/Clovery.entitlements;
				CODE_SIGN_IDENTITY = "Apple Development";
				CODE_SIGN_STYLE = Automatic;
				CLOVERY_SOURCE_COMMIT = NOT_SET;
				CURRENT_PROJECT_VERSION = 14;
				DEVELOPMENT_TEAM = M92TBSSR2R;
				GENERATE_INFOPLIST_FILE = YES;
				INFOPLIST_FILE = Clovery/Info.plist;
				INFOPLIST_KEY_CFBundleDisplayName = Clovery;
				INFOPLIST_KEY_ITSAppUsesNonExemptEncryption = NO;
				INFOPLIST_KEY_NSCameraUsageDescription = "Clovery uses your camera to add photos to diary entries.";
				INFOPLIST_KEY_NSPhotoLibraryAddUsageDescription = "Clovery saves your lucky moment cards to Photos.";
				INFOPLIST_KEY_NSPhotoLibraryUsageDescription = "Clovery accesses your photo library to add photos to diary entries.";
				INFOPLIST_KEY_UIApplicationSceneManifest_Generation = YES;
				INFOPLIST_KEY_UILaunchScreen_Generation = YES;
				INFOPLIST_KEY_UISupportedInterfaceOrientations_iPhone = UIInterfaceOrientationPortrait;
				LD_RUNPATH_SEARCH_PATHS = (
					"$(inherited)",
					"@executable_path/Frameworks",
				);
				MARKETING_VERSION = 1.0.3;
				PRODUCT_BUNDLE_IDENTIFIER = com.clovery.app;
				PRODUCT_NAME = "$(TARGET_NAME)";
				PROVISIONING_PROFILE_SPECIFIER = "";
				SUPPORTED_PLATFORMS = "iphoneos iphonesimulator";
				SUPPORTS_MACCATALYST = NO;
				SUPPORTS_MAC_DESIGNED_FOR_IPHONE_IPAD = NO;
				SUPPORTS_XR_DESIGNED_FOR_IPHONE_IPAD = NO;
				SWIFT_EMIT_LOC_STRINGS = YES;
				SWIFT_VERSION = 5.0;
				TARGETED_DEVICE_FAMILY = 1;
			};
			name = Release;
		};
		FCECDFF12FE92C7D0067AF51 /* Debug */ = {
			isa = XCBuildConfiguration;
			buildSettings = {
				ASSETCATALOG_COMPILER_GENERATE_SWIFT_ASSET_SYMBOL_EXTENSIONS = YES;
				ASSETCATALOG_COMPILER_GLOBAL_ACCENT_COLOR_NAME = AccentColor;
				ASSETCATALOG_COMPILER_WIDGET_BACKGROUND_COLOR_NAME = WidgetBackground;
				CLANG_ANALYZER_NUMBER_OBJECT_CONVERSION = YES_AGGRESSIVE;
				CODE_SIGN_ENTITLEMENTS = CloveryWidgetExtension.entitlements;
				CODE_SIGN_IDENTITY = "Apple Development";
				CODE_SIGN_STYLE = Automatic;
				CURRENT_PROJECT_VERSION = 14;
				DEVELOPMENT_TEAM = M92TBSSR2R;
				GENERATE_INFOPLIST_FILE = YES;
				INFOPLIST_FILE = CloveryWidget/Info.plist;
				INFOPLIST_KEY_CFBundleDisplayName = CloveryWidget;
				INFOPLIST_KEY_NSHumanReadableCopyright = "";
				IPHONEOS_DEPLOYMENT_TARGET = 16.0;
				LD_RUNPATH_SEARCH_PATHS = (
					"$(inherited)",
					"@executable_path/Frameworks",
					"@executable_path/../../Frameworks",
				);
				LOCALIZATION_PREFERS_STRING_CATALOGS = YES;
				MARKETING_VERSION = 1.0.3;
				PRODUCT_BUNDLE_IDENTIFIER = com.clovery.app.CloveryWidget;
				PRODUCT_NAME = "$(TARGET_NAME)";
				SKIP_INSTALL = YES;
				STRING_CATALOG_GENERATE_SYMBOLS = YES;
				SWIFT_APPROACHABLE_CONCURRENCY = YES;
				SWIFT_EMIT_LOC_STRINGS = YES;
				SWIFT_UPCOMING_FEATURE_MEMBER_IMPORT_VISIBILITY = YES;
				SWIFT_VERSION = 5.0;
				TARGETED_DEVICE_FAMILY = "1,2";
			};
			name = Debug;
		};
		FCECDFF22FE92C7D0067AF51 /* Release */ = {
			isa = XCBuildConfiguration;
			buildSettings = {
				ASSETCATALOG_COMPILER_GENERATE_SWIFT_ASSET_SYMBOL_EXTENSIONS = YES;
				ASSETCATALOG_COMPILER_GLOBAL_ACCENT_COLOR_NAME = AccentColor;
				ASSETCATALOG_COMPILER_WIDGET_BACKGROUND_COLOR_NAME = WidgetBackground;
				CLANG_ANALYZER_NUMBER_OBJECT_CONVERSION = YES_AGGRESSIVE;
				CODE_SIGN_ENTITLEMENTS = CloveryWidgetExtension.entitlements;
				CODE_SIGN_IDENTITY = "Apple Development";
				CODE_SIGN_STYLE = Automatic;
				CURRENT_PROJECT_VERSION = 14;
				DEVELOPMENT_TEAM = M92TBSSR2R;
				GENERATE_INFOPLIST_FILE = YES;
				INFOPLIST_FILE = CloveryWidget/Info.plist;
				INFOPLIST_KEY_CFBundleDisplayName = CloveryWidget;
				INFOPLIST_KEY_NSHumanReadableCopyright = "";
				IPHONEOS_DEPLOYMENT_TARGET = 16.0;
				LD_RUNPATH_SEARCH_PATHS = (
					"$(inherited)",
					"@executable_path/Frameworks",
					"@executable_path/../../Frameworks",
				);
				LOCALIZATION_PREFERS_STRING_CATALOGS = YES;
				MARKETING_VERSION = 1.0.3;
				MTL_ENABLE_DEBUG_INFO = NO;
				PRODUCT_BUNDLE_IDENTIFIER = com.clovery.app.CloveryWidget;
				PRODUCT_NAME = "$(TARGET_NAME)";
				SKIP_INSTALL = YES;
				STRING_CATALOG_GENERATE_SYMBOLS = YES;
				SWIFT_APPROACHABLE_CONCURRENCY = YES;
				SWIFT_EMIT_LOC_STRINGS = YES;
				SWIFT_UPCOMING_FEATURE_MEMBER_IMPORT_VISIBILITY = YES;
				SWIFT_VERSION = 5.0;
				TARGETED_DEVICE_FAMILY = "1,2";
			};
			name = Release;
		};
/* End XCBuildConfiguration section */

/* Begin XCConfigurationList section */
		AACC00000000000000000007 /* Build configuration list for PBXNativeTarget "CloveryTests" */ = {
			isa = XCConfigurationList;
			buildConfigurations = (
				AACC00000000000000000008 /* Debug */,
				AACC00000000000000000009 /* Release */,
			);
			defaultConfigurationIsVisible = 0;
			defaultConfigurationName = Release;
		};
		AABB00000000000000000051 /* Build configuration list for PBXProject "Clovery" */ = {
			isa = XCConfigurationList;
			buildConfigurations = (
				AABB00000000000000000041 /* Debug */,
				AABB00000000000000000042 /* Release */,
			);
			defaultConfigurationIsVisible = 0;
			defaultConfigurationName = Release;
		};
		AABB00000000000000000052 /* Build configuration list for PBXNativeTarget "Clovery" */ = {
			isa = XCConfigurationList;
			buildConfigurations = (
				AABB00000000000000000043 /* Debug */,
				AABB00000000000000000044 /* Release */,
			);
			defaultConfigurationIsVisible = 0;
			defaultConfigurationName = Release;
		};
		FCECDFF42FE92C7D0067AF51 /* Build configuration list for PBXNativeTarget "CloveryWidgetExtension" */ = {
			isa = XCConfigurationList;
			buildConfigurations = (
				FCECDFF12FE92C7D0067AF51 /* Debug */,
				FCECDFF22FE92C7D0067AF51 /* Release */,
			);
			defaultConfigurationIsVisible = 0;
			defaultConfigurationName = Release;
		};
/* End XCConfigurationList section */
	};
	rootObject = AABB00000000000000000001 /* Project object */;
}
