// !$*UTF8*$!
{
	archiveVersion = 1;
	classes = {
	};
	objectVersion = 70;
	objects = {

/* Begin PBXBuildFile section */
		AABB00000000000000000011 /* CloveryApp.swift in Sources */ = {isa = PBXBuildFile; fileRef = AABB00000000000000000007 /* CloveryApp.swift */; };
		AABB00000000000000000012 /* ContentView.swift in Sources */ = {isa = PBXBuildFile; fileRef = AABB00000000000000000008 /* ContentView.swift */; };
		AABB00000000000000000013 /* WebView.swift in Sources */ = {isa = PBXBuildFile; fileRef = AABB00000000000000000009 /* WebView.swift */; };
		AABB00000000000000000014 /* Assets.xcassets in Resources */ = {isa = PBXBuildFile; fileRef = AABB0000000000000000000B /* Assets.xcassets */; };
		AABB00000000000000000015 /* Clover Diary.html in Resources */ = {isa = PBXBuildFile; fileRef = AABB0000000000000000000C /* Clover Diary.html */; };
		AABB00000000000000000016 /* fonts in Resources */ = {isa = PBXBuildFile; fileRef = AABB00000000000000000005 /* fonts */; };
		AABB00000000000000000018 /* InfoPlist.strings in Resources */ = {isa = PBXBuildFile; fileRef = AABB00000000000000000010 /* InfoPlist.strings */; };
		AABB0000000000000000001A /* vendor in Resources */ = {isa = PBXBuildFile; fileRef = AABB00000000000000000019 /* vendor */; };
		AABB0000000000000000001B /* PrivacyInfo.xcprivacy in Resources */ = {isa = PBXBuildFile; fileRef = AABB0000000000000000001C /* PrivacyInfo.xcprivacy */; };
		AABB0000000000000000001E /* app.compiled.js in Resources */ = {isa = PBXBuildFile; fileRef = AABB0000000000000000001D /* app.compiled.js */; };
		AABB0000000000000000001F /* BoardStore.swift in Sources */ = {isa = PBXBuildFile; fileRef = AABB00000000000000000020 /* BoardStore.swift */; };
		AABB00000000000000000060 /* CloudKitSync.swift in Sources */ = {isa = PBXBuildFile; fileRef = AABB00000000000000000061 /* CloudKitSync.swift */; };
		FCECDFE02FE92C7C0067AF51 /* WidgetKit.framework in Frameworks */ = {isa = PBXBuildFile; fileRef = FCECDFDF2FE92C7C0067AF51 /* WidgetKit.framework */; };
		FCECDFE22FE92C7C0067AF51 /* SwiftUI.framework in Frameworks */ = {isa = PBXBuildFile; fileRef = FCECDFE12FE92C7C0067AF51 /* SwiftUI.framework */; };
		FCECDFEF2FE92C7D0067AF51 /* CloveryWidgetExtension.appex in Embed Foundation Extensions */ = {isa = PBXBuildFile; fileRef = FCECDFDD2FE92C7C0067AF51 /* CloveryWidgetExtension.appex */; settings = {ATTRIBUTES = (RemoveHeadersOnCopy, ); }; };
/* End PBXBuildFile section */

/* Begin PBXContainerItemProxy section */
		FCECDFED2FE92C7D0067AF51 /* PBXContainerItemProxy */ = {
			isa = PBXContainerItemProxy;
			containerPortal = AABB00000000000000000001 /* Project object */;
			proxyType = 1;
			remoteGlobalIDString = FCECDFDC2FE92C7C0067AF51;
			remoteInfo = CloveryWidgetExtension;
		};
/* End PBXContainerItemProxy section */

/* Begin PBXCopyFilesBuildPhase section */
		FCECDFF02FE92C7D0067AF51 /* Embed Foundation Extensions */ = {
			isa = PBXCopyFilesBuildPhase;
			buildActionMask = 2147483647;
			dstPath = "";
			dstSubfolderSpec = 13;
			files = (
				FCECDFEF2FE92C7D0067AF51 /* CloveryWidgetExtension.appex in Embed Foundation Extensions */,
			);
			name = "Embed Foundation Extensions";
			runOnlyForDeploymentPostprocessing = 0;
		};
/* End PBXCopyFilesBuildPhase section */

/* Begin PBXFileReference section */
		AABB00000000000000000005 /* fonts */ = {isa = PBXFileReference; lastKnownFileType = folder; path = fonts; sourceTree = "<group>"; };
		AABB00000000000000000006 /* Clovery.app */ = {isa = PBXFileReference; explicitFileType = wrapper.application; includeInIndex = 0; path = Clovery.app; sourceTree = BUILT_PRODUCTS_DIR; };
		AABB00000000000000000007 /* CloveryApp.swift */ = {isa = PBXFileReference; lastKnownFileType = sourcecode.swift; path = CloveryApp.swift; sourceTree = "<group>"; };
		AABB00000000000000000008 /* ContentView.swift */ = {isa = PBXFileReference; lastKnownFileType = sourcecode.swift; path = ContentView.swift; sourceTree = "<group>"; };
		AABB00000000000000000009 /* WebView.swift */ = {isa = PBXFileReference; lastKnownFileType = sourcecode.swift; path = WebView.swift; sourceTree = "<group>"; };
		AABB0000000000000000000B /* Assets.xcassets */ = {isa = PBXFileReference; lastKnownFileType = folder.assetcatalog; path = Assets.xcassets; sourceTree = "<group>"; };
		AABB0000000000000000000C /* Clover Diary.html */ = {isa = PBXFileReference; lastKnownFileType = text.html; path = "Clover Diary.html"; sourceTree = "<group>"; };
		AABB0000000000000000000F /* zh-Hans */ = {isa = PBXFileReference; lastKnownFileType = text.plist.strings; name = "zh-Hans"; path = "zh-Hans.lproj/InfoPlist.strings"; sourceTree = "<group>"; };
		AABB00000000000000000019 /* vendor */ = {isa = PBXFileReference; lastKnownFileType = folder; path = vendor; sourceTree = "<group>"; };
		AABB0000000000000000001C /* PrivacyInfo.xcprivacy */ = {isa = PBXFileReference; lastKnownFileType = text.xml; path = PrivacyInfo.xcprivacy; sourceTree = "<group>"; };
		AABB0000000000000000001D /* app.compiled.js */ = {isa = PBXFileReference; lastKnownFileType = sourcecode.javascript; path = app.compiled.js; sourceTree = "<group>"; };
		AABB00000000000000000020 /* BoardStore.swift */ = {isa = PBXFileReference; lastKnownFileType = sourcecode.swift; path = BoardStore.swift; sourceTree = "<group>"; };
		AABB00000000000000000061 /* CloudKitSync.swift */ = {isa = PBXFileReference; lastKnownFileType = sourcecode.swift; path = CloudKitSync.swift; sourceTree = "<group>"; };
		FC889A182FD464C9002510AD /* Clovery.entitlements */ = {isa = PBXFileReference; lastKnownFileType = text.plist.entitlements; path = Clovery.entitlements; sourceTree = "<group>"; };
		FCECDFDD2FE92C7C0067AF51 /* CloveryWidgetExtension.appex */ = {isa = PBXFileReference; explicitFileType = "wrapper.app-extension"; includeInIndex = 0; path = CloveryWidgetExtension.appex; sourceTree = BUILT_PRODUCTS_DIR; };
		FCECDFDF2FE92C7C0067AF51 /* WidgetKit.framework */ = {isa = PBXFileReference; lastKnownFileType = wrapper.framework; name = WidgetKit.framework; path = System/Library/Frameworks/WidgetKit.framework; sourceTree = SDKROOT; };
		FCECDFE12FE92C7C0067AF51 /* SwiftUI.framework */ = {isa = PBXFileReference; lastKnownFileType = wrapper.framework; name = SwiftUI.framework; path = System/Library/Frameworks/SwiftUI.framework; sourceTree = SDKROOT; };
		FCECDFF52FE92CA80067AF51 /* CloveryWidgetExtension.entitlements */ = {isa = PBXFileReference; lastKnownFileType = text.plist.entitlements; path = CloveryWidgetExtension.entitlements; sourceTree = "<group>"; };
/* End PBXFileReference section */

/* Begin PBXFileSystemSynchronizedBuildFileExceptionSet section */
		FCECDFF32FE92C7D0067AF51 /* PBXFileSystemSynchronizedBuildFileExceptionSet */ = {
			isa = PBXFileSystemSynchronizedBuildFileExceptionSet;
			membershipExceptions = (
				Info.plist,
			);
			target = FCECDFDC2FE92C7C0067AF51 /* CloveryWidgetExtension */;
		};
/* End PBXFileSystemSynchronizedBuildFileExceptionSet section */

/* Begin PBXFileSystemSynchronizedRootGroup section */
		FCECDFE32FE92C7C0067AF51 /* CloveryWidget */ = {isa = PBXFileSystemSynchronizedRootGroup; exceptions = (FCECDFF32FE92C7D0067AF51 /* PBXFileSystemSynchronizedBuildFileExceptionSet */, ); explicitFileTypes = {}; explicitFolders = (); path = CloveryWidget; sourceTree = "<group>"; };
/* End PBXFileSystemSynchronizedRootGroup section */

/* Begin PBXFrameworksBuildPhase section */
		AABB00000000000000000022 /* Frameworks */ = {
			isa = PBXFrameworksBuildPhase;
			buildActionMask = 2147483647;
			files = (
			);
			runOnlyForDeploymentPostprocessing = 0;
		};
		FCECDFDA2FE92C7C0067AF51 /* Frameworks */ = {
			isa = PBXFrameworksBuildPhase;
			buildActionMask = 2147483647;
			files = (
				FCECDFE22FE92C7C0067AF51 /* SwiftUI.framework in Frameworks */,
				FCECDFE02FE92C7C0067AF51 /* WidgetKit.framework in Frameworks */,
			);
			runOnlyForDeploymentPostprocessing = 0;
		};
/* End PBXFrameworksBuildPhase section */

/* Begin PBXGroup section */
		AABB00000000000000000002 = {
			isa = PBXGroup;
			children = (
				FCECDFF52FE92CA80067AF51 /* CloveryWidgetExtension.entitlements */,
				AABB00000000000000000003 /* Clovery */,
				FCECDFE32FE92C7C0067AF51 /* CloveryWidget */,
				FCECDFDE2FE92C7C0067AF51 /* Frameworks */,
				AABB00000000000000000004 /* Products */,
			);
			sourceTree = "<group>";
		};
		AABB00000000000000000003 /* Clovery */ = {
			isa = PBXGroup;
			children = (
				FC889A182FD464C9002510AD /* Clovery.entitlements */,
				AABB00000000000000000007 /* CloveryApp.swift */,
				AABB00000000000000000008 /* ContentView.swift */,
				AABB00000000000000000009 /* WebView.swift */,
				AABB00000000000000000020 /* BoardStore.swift */,
				AABB00000000000000000061 /* CloudKitSync.swift */,
				AABB0000000000000000000B /* Assets.xcassets */,
				AABB0000000000000000000C /* Clover Diary.html */,
				AABB0000000000000000001D /* app.compiled.js */,
				AABB00000000000000000005 /* fonts */,
				AABB00000000000000000019 /* vendor */,
				AABB0000000000000000001C /* PrivacyInfo.xcprivacy */,
				AABB00000000000000000010 /* InfoPlist.strings */,
			);
			path = Clovery;
			sourceTree = "<group>";
		};
		AABB00000000000000000004 /* Products */ = {
			isa = PBXGroup;
			children = (
				AABB00000000000000000006 /* Clovery.app */,
				FCECDFDD2FE92C7C0067AF51 /* CloveryWidgetExtension.appex */,
			);
			name = Products;
			sourceTree = "<group>";
		};
		FCECDFDE2FE92C7C0067AF51 /* Frameworks */ = {
			isa = PBXGroup;
			children = (
				FCECDFDF2FE92C7C0067AF51 /* WidgetKit.framework */,
				FCECDFE12FE92C7C0067AF51 /* SwiftUI.framework */,
			);
			name = Frameworks;
			sourceTree = "<group>";
		};
/* End PBXGroup section */

/* Begin PBXNativeTarget section */
		AABB00000000000000000031 /* Clovery */ = {
			isa = PBXNativeTarget;
			buildConfigurationList = AABB00000000000000000052 /* Build configuration list for PBXNativeTarget "Clovery" */;
			buildPhases = (
				AABB00000000000000000021 /* Sources */,
				AABB00000000000000000022 /* Frameworks */,
				AABB00000000000000000023 /* Resources */,
				FCECDFF02FE92C7D0067AF51 /* Embed Foundation Extensions */,
			);
			buildRules = (
			);
			dependencies = (
				FCECDFEE2FE92C7D0067AF51 /* PBXTargetDependency */,
			);
			name = Clovery;
			productName = Clovery;
			productReference = AABB00000000000000000006 /* Clovery.app */;
			productType = "com.apple.product-type.application";
		};
		FCECDFDC2FE92C7C0067AF51 /* CloveryWidgetExtension */ = {
			isa = PBXNativeTarget;
			buildConfigurationList = FCECDFF42FE92C7D0067AF51 /* Build configuration list for PBXNativeTarget "CloveryWidgetExtension" */;
			buildPhases = (
				FCECDFD92FE92C7C0067AF51 /* Sources */,
				FCECDFDA2FE92C7C0067AF51 /* Frameworks */,
				FCECDFDB2FE92C7C0067AF51 /* Resources */,
			);
			buildRules = (
			);
			dependencies = (
			);
			fileSystemSynchronizedGroups = (
				FCECDFE32FE92C7C0067AF51 /* CloveryWidget */,
			);
			name = CloveryWidgetExtension;
			packageProductDependencies = (
			);
			productName = CloveryWidgetExtension;
			productReference = FCECDFDD2FE92C7C0067AF51 /* CloveryWidgetExtension.appex */;
			productType = "com.apple.product-type.app-extension";
		};
/* End PBXNativeTarget section */

/* Begin PBXProject section */
		AABB00000000000000000001 /* Project object */ = {
			isa = PBXProject;
			attributes = {
				BuildIndependentTargetsInParallel = 1;
				LastSwiftUpdateCheck = 2640;
				LastUpgradeCheck = 2640;
				TargetAttributes = {
					AABB00000000000000000031 = {
						CreatedOnToolsVersion = 16.0;
					};
					FCECDFDC2FE92C7C0067AF51 = {
						CreatedOnToolsVersion = 26.4.1;
					};
				};
			};
			buildConfigurationList = AABB00000000000000000051 /* Build configuration list for PBXProject "Clovery" */;
			compatibilityVersion = "Xcode 14.0";
			developmentRegion = en;
			hasScannedForEncodings = 0;
			knownRegions = (
				en,
				Base,
				"zh-Hans",
			);
			mainGroup = AABB00000000000000000002;
			productRefGroup = AABB00000000000000000004 /* Products */;
			projectDirPath = "";
			projectRoot = "";
			targets = (
				AABB00000000000000000031 /* Clovery */,
				FCECDFDC2FE92C7C0067AF51 /* CloveryWidgetExtension */,
			);
		};
/* End PBXProject section */

/* Begin PBXResourcesBuildPhase section */
		AABB00000000000000000023 /* Resources */ = {
			isa = PBXResourcesBuildPhase;
			buildActionMask = 2147483647;
			files = (
				AABB00000000000000000014 /* Assets.xcassets in Resources */,
				AABB00000000000000000015 /* Clover Diary.html in Resources */,
				AABB0000000000000000001E /* app.compiled.js in Resources */,
				AABB00000000000000000016 /* fonts in Resources */,
				AABB0000000000000000001A /* vendor in Resources */,
				AABB0000000000000000001B /* PrivacyInfo.xcprivacy in Resources */,
				AABB00000000000000000018 /* InfoPlist.strings in Resources */,
			);
			runOnlyForDeploymentPostprocessing = 0;
		};
		FCECDFDB2FE92C7C0067AF51 /* Resources */ = {
			isa = PBXResourcesBuildPhase;
			buildActionMask = 2147483647;
			files = (
			);
			runOnlyForDeploymentPostprocessing = 0;
		};
/* End PBXResourcesBuildPhase section */

/* Begin PBXSourcesBuildPhase section */
		AABB00000000000000000021 /* Sources */ = {
			isa = PBXSourcesBuildPhase;
			buildActionMask = 2147483647;
			files = (
				AABB00000000000000000011 /* CloveryApp.swift in Sources */,
				AABB00000000000000000012 /* ContentView.swift in Sources */,
				AABB00000000000000000013 /* WebView.swift in Sources */,
				AABB0000000000000000001F /* BoardStore.swift in Sources */,
				AABB00000000000000000060 /* CloudKitSync.swift in Sources */,
			);
			runOnlyForDeploymentPostprocessing = 0;
		};
		FCECDFD92FE92C7C0067AF51 /* Sources */ = {
			isa = PBXSourcesBuildPhase;
			buildActionMask = 2147483647;
			files = (
			);
			runOnlyForDeploymentPostprocessing = 0;
		};
/* End PBXSourcesBuildPhase section */

/* Begin PBXTargetDependency section */
		FCECDFEE2FE92C7D0067AF51 /* PBXTargetDependency */ = {
			isa = PBXTargetDependency;
			target = FCECDFDC2FE92C7C0067AF51 /* CloveryWidgetExtension */;
			targetProxy = FCECDFED2FE92C7D0067AF51 /* PBXContainerItemProxy */;
		};
/* End PBXTargetDependency section */

/* Begin PBXVariantGroup section */
		AABB00000000000000000010 /* InfoPlist.strings */ = {
			isa = PBXVariantGroup;
			children = (
				AABB0000000000000000000F /* zh-Hans */,
			);
			name = InfoPlist.strings;
			sourceTree = "<group>";
		};
/* End PBXVariantGroup section */

/* Begin XCBuildConfiguration section */
		AABB00000000000000000041 /* Debug */ = {
			isa = XCBuildConfiguration;
			buildSettings = {
				ALWAYS_SEARCH_USER_PATHS = NO;
				ASSETCATALOG_COMPILER_GENERATE_ASSET_SYMBOLS = YES;
				CLANG_ANALYZER_LOCALIZABILITY_NONLOCALIZED = YES;
				CLANG_ANALYZER_NONNULL = YES;
				CLANG_CXX_LANGUAGE_STANDARD = "gnu++20";
				CLANG_ENABLE_MODULES = YES;
				CLANG_ENABLE_OBJC_ARC = YES;
				CLANG_ENABLE_OBJC_WEAK = YES;
				CLANG_WARN_BLOCK_CAPTURE_AUTORELEASING = YES;
				CLANG_WARN_BOOL_CONVERSION = YES;
				CLANG_WARN_COMMA = YES;
				CLANG_WARN_CONSTANT_CONVERSION = YES;
				CLANG_WARN_DEPRECATED_OBJC_IMPLEMENTATIONS = YES;
				CLANG_WARN_DIRECT_OBJC_ISA_USAGE = YES_ERROR;
				CLANG_WARN_DOCUMENTATION_COMMENTS = YES;
				CLANG_WARN_EMPTY_BODY = YES;
				CLANG_WARN_ENUM_CONVERSION = YES;
				CLANG_WARN_INFINITE_RECURSION = YES;
				CLANG_WARN_INT_CONVERSION = YES;
				CLANG_WARN_NON_LITERAL_NULL_CONVERSION = YES;
				CLANG_WARN_OBJC_IMPLICIT_RETAIN_CYCLE = YES;
				CLANG_WARN_OBJC_IMPLICIT_RETAIN_SELF = YES;
				CLANG_WARN_OBJC_LITERAL_CONVERSION = YES;
				CLANG_WARN_OBJC_ROOT_CLASS = YES_ERROR;
				CLANG_WARN_QUOTED_INCLUDE_IN_FRAMEWORK_HEADER = YES;
				CLANG_WARN_RANGE_LOOP_ANALYSIS = YES;
				CLANG_WARN_STRICT_PROTOTYPES = YES;
				CLANG_WARN_SUSPICIOUS_MOVE = YES;
				CLANG_WARN_UNGUARDED_AVAILABILITY = YES_AGGRESSIVE;
				CLANG_WARN_UNREACHABLE_CODE = YES;
				CLANG_WARN__DUPLICATE_METHOD_MATCH = YES;
				COPY_PHASE_STRIP = NO;
				DEBUG_INFORMATION_FORMAT = dwarf;
				ENABLE_STRICT_OBJC_MSGSEND = YES;
				ENABLE_TESTABILITY = YES;
				ENABLE_USER_SCRIPT_SANDBOXING = YES;
				GCC_C_LANGUAGE_STANDARD = gnu17;
				GCC_DYNAMIC_NO_PIC = NO;
				GCC_NO_COMMON_BLOCKS = YES;
				GCC_OPTIMIZATION_LEVEL = 0;
				GCC_PREPROCESSOR_DEFINITIONS = (
					"DEBUG=1",
					"$(inherited)",
				);
				GCC_WARN_64_TO_32_BIT_CONVERSION = YES;
				GCC_WARN_ABOUT_RETURN_TYPE = YES_ERROR;
				GCC_WARN_UNDECLARED_SELECTOR = YES;
				GCC_WARN_UNINITIALIZED_AUTOS = YES_AGGRESSIVE;
				GCC_WARN_UNUSED_FUNCTION = YES;
				GCC_WARN_UNUSED_VARIABLE = YES;
				IPHONEOS_DEPLOYMENT_TARGET = 16.0;
				MTL_ENABLE_DEBUG_INFO = INCLUDE_SOURCE;
				MTL_FAST_MATH = YES;
				ONLY_ACTIVE_ARCH = YES;
				SDKROOT = iphoneos;
				STRING_CATALOG_GENERATE_SYMBOLS = YES;
				SWIFT_ACTIVE_COMPILATION_CONDITIONS = "DEBUG $(inherited)";
				SWIFT_OPTIMIZATION_LEVEL = "-Onone";
			};
			name = Debug;
		};
		AABB00000000000000000042 /* Release */ = {
			isa = XCBuildConfiguration;
			buildSettings = {
				ALWAYS_SEARCH_USER_PATHS = NO;
				ASSETCATALOG_COMPILER_GENERATE_ASSET_SYMBOLS = YES;
				CLANG_ANALYZER_LOCALIZABILITY_NONLOCALIZED = YES;
				CLANG_ANALYZER_NONNULL = YES;
				CLANG_CXX_LANGUAGE_STANDARD = "gnu++20";
				CLANG_ENABLE_MODULES = YES;
				CLANG_ENABLE_OBJC_ARC = YES;
				CLANG_ENABLE_OBJC_WEAK = YES;
				CLANG_WARN_BLOCK_CAPTURE_AUTORELEASING = YES;
				CLANG_WARN_BOOL_CONVERSION = YES;
				CLANG_WARN_COMMA = YES;
				CLANG_WARN_CONSTANT_CONVERSION = YES;
				CLANG_WARN_DEPRECATED_OBJC_IMPLEMENTATIONS = YES;
				CLANG_WARN_DIRECT_OBJC_ISA_USAGE = YES_ERROR;
				CLANG_WARN_DOCUMENTATION_COMMENTS = YES;
				CLANG_WARN_EMPTY_BODY = YES;
				CLANG_WARN_ENUM_CONVERSION = YES;
				CLANG_WARN_INFINITE_RECURSION = YES;
				CLANG_WARN_INT_CONVERSION = YES;
				CLANG_WARN_NON_LITERAL_NULL_CONVERSION = YES;
				CLANG_WARN_OBJC_IMPLICIT_RETAIN_CYCLE = YES;
				CLANG_WARN_OBJC_IMPLICIT_RETAIN_SELF = YES;
				CLANG_WARN_OBJC_LITERAL_CONVERSION = YES;
				CLANG_WARN_OBJC_ROOT_CLASS = YES_ERROR;
				CLANG_WARN_QUOTED_INCLUDE_IN_FRAMEWORK_HEADER = YES;
				CLANG_WARN_RANGE_LOOP_ANALYSIS = YES;
				CLANG_WARN_STRICT_PROTOTYPES = YES;
				CLANG_WARN_SUSPICIOUS_MOVE = YES;
				CLANG_WARN_UNGUARDED_AVAILABILITY = YES_AGGRESSIVE;
				CLANG_WARN_UNREACHABLE_CODE = YES;
				CLANG_WARN__DUPLICATE_METHOD_MATCH = YES;
				COPY_PHASE_STRIP = NO;
				DEBUG_INFORMATION_FORMAT = "dwarf-with-dsym";
				ENABLE_NS_ASSERTIONS = NO;
				ENABLE_STRICT_OBJC_MSGSEND = YES;
				ENABLE_USER_SCRIPT_SANDBOXING = YES;
				GCC_C_LANGUAGE_STANDARD = gnu17;
				GCC_NO_COMMON_BLOCKS = YES;
				GCC_WARN_64_TO_32_BIT_CONVERSION = YES;
				GCC_WARN_ABOUT_RETURN_TYPE = YES_ERROR;
				GCC_WARN_UNDECLARED_SELECTOR = YES;
				GCC_WARN_UNINITIALIZED_AUTOS = YES_AGGRESSIVE;
				GCC_WARN_UNUSED_FUNCTION = YES;
				GCC_WARN_UNUSED_VARIABLE = YES;
				IPHONEOS_DEPLOYMENT_TARGET = 16.0;
				MTL_FAST_MATH = YES;
				SDKROOT = iphoneos;
				STRING_CATALOG_GENERATE_SYMBOLS = YES;
				SWIFT_COMPILATION_MODE = wholemodule;
				VALIDATE_PRODUCT = YES;
			};
			name = Release;
		};
		AABB00000000000000000043 /* Debug */ = {
			isa = XCBuildConfiguration;
			buildSettings = {
				ASSETCATALOG_COMPILER_APPICON_NAME = AppIcon;
				ASSETCATALOG_COMPILER_GLOBAL_ACCENT_COLOR_NAME = AccentColor;
				CODE_SIGN_ENTITLEMENTS = Clovery/Clovery.entitlements;
				CODE_SIGN_IDENTITY = "Apple Development";
				CODE_SIGN_STYLE = Automatic;
				CURRENT_PROJECT_VERSION = 13;
				DEVELOPMENT_TEAM = M92TBSSR2R;
				GENERATE_INFOPLIST_FILE = YES;
				INFOPLIST_KEY_CFBundleDisplayName = Clovery;
				INFOPLIST_KEY_ITSAppUsesNonExemptEncryption = NO;
				INFOPLIST_KEY_NSCameraUsageDescription = "Clovery uses your camera to add photos to diary entries.";
				INFOPLIST_KEY_NSPhotoLibraryAddUsageDescription = "Clovery saves your lucky moment cards to Photos.";
				INFOPLIST_KEY_NSPhotoLibraryUsageDescription = "Clovery accesses your photo library to add photos to diary entries.";
				INFOPLIST_KEY_UIApplicationSceneManifest_Generation = YES;
				INFOPLIST_KEY_UIBackgroundModes = "remote-notification";
				INFOPLIST_KEY_UILaunchScreen_Generation = YES;
				INFOPLIST_KEY_UISupportedInterfaceOrientations_iPhone = UIInterfaceOrientationPortrait;
				LD_RUNPATH_SEARCH_PATHS = (
					"$(inherited)",
					"@executable_path/Frameworks",
				);
				MARKETING_VERSION = 1.0.2;
				PRODUCT_BUNDLE_IDENTIFIER = com.clovery.app;
				PRODUCT_NAME = "$(TARGET_NAME)";
				PROVISIONING_PROFILE_SPECIFIER = "";
				SUPPORTED_PLATFORMS = "iphoneos iphonesimulator";
				SUPPORTS_MACCATALYST = NO;
				SUPPORTS_MAC_DESIGNED_FOR_IPHONE_IPAD = NO;
				SUPPORTS_XR_DESIGNED_FOR_IPHONE_IPAD = NO;
				SWIFT_EMIT_LOC_STRINGS = YES;
				SWIFT_VERSION = 5.0;
				TARGETED_DEVICE_FAMILY = 1;
			};
			name = Debug;
		};
		AABB00000000000000000044 /* Release */ = {
			isa = XCBuildConfiguration;
			buildSettings = {
				ASSETCATALOG_COMPILER_APPICON_NAME = AppIcon;
				ASSETCATALOG_COMPILER_GLOBAL_ACCENT_COLOR_NAME = AccentColor;
				CODE_SIGN_ENTITLEMENTS = Clovery/Clovery.entitlements;
				CODE_SIGN_IDENTITY = "Apple Development";
				CODE_SIGN_STYLE = Automatic;
				CURRENT_PROJECT_VERSION = 13;
				DEVELOPMENT_TEAM = M92TBSSR2R;
				GENERATE_INFOPLIST_FILE = YES;
				INFOPLIST_KEY_CFBundleDisplayName = Clovery;
				INFOPLIST_KEY_ITSAppUsesNonExemptEncryption = NO;
				INFOPLIST_KEY_NSCameraUsageDescription = "Clovery uses your camera to add photos to diary entries.";
				INFOPLIST_KEY_NSPhotoLibraryAddUsageDescription = "Clovery saves your lucky moment cards to Photos.";
				INFOPLIST_KEY_NSPhotoLibraryUsageDescription = "Clovery accesses your photo library to add photos to diary entries.";
				INFOPLIST_KEY_UIApplicationSceneManifest_Generation = YES;
				INFOPLIST_KEY_UIBackgroundModes = "remote-notification";
				INFOPLIST_KEY_UILaunchScreen_Generation = YES;
				INFOPLIST_KEY_UISupportedInterfaceOrientations_iPhone = UIInterfaceOrientationPortrait;
				LD_RUNPATH_SEARCH_PATHS = (
					"$(inherited)",
					"@executable_path/Frameworks",
				);
				MARKETING_VERSION = 1.0.2;
				PRODUCT_BUNDLE_IDENTIFIER = com.clovery.app;
				PRODUCT_NAME = "$(TARGET_NAME)";
				PROVISIONING_PROFILE_SPECIFIER = "";
				SUPPORTED_PLATFORMS = "iphoneos iphonesimulator";
				SUPPORTS_MACCATALYST = NO;
				SUPPORTS_MAC_DESIGNED_FOR_IPHONE_IPAD = NO;
				SUPPORTS_XR_DESIGNED_FOR_IPHONE_IPAD = NO;
				SWIFT_EMIT_LOC_STRINGS = YES;
				SWIFT_VERSION = 5.0;
				TARGETED_DEVICE_FAMILY = 1;
			};
			name = Release;
		};
		FCECDFF12FE92C7D0067AF51 /* Debug */ = {
			isa = XCBuildConfiguration;
			buildSettings = {
				ASSETCATALOG_COMPILER_GENERATE_SWIFT_ASSET_SYMBOL_EXTENSIONS = YES;
				ASSETCATALOG_COMPILER_GLOBAL_ACCENT_COLOR_NAME = AccentColor;
				ASSETCATALOG_COMPILER_WIDGET_BACKGROUND_COLOR_NAME = WidgetBackground;
				CLANG_ANALYZER_NUMBER_OBJECT_CONVERSION = YES_AGGRESSIVE;
				CODE_SIGN_ENTITLEMENTS = CloveryWidgetExtension.entitlements;
				CODE_SIGN_IDENTITY = "Apple Development";
				CODE_SIGN_STYLE = Automatic;
				CURRENT_PROJECT_VERSION = 11;
				DEVELOPMENT_TEAM = M92TBSSR2R;
				GENERATE_INFOPLIST_FILE = YES;
				INFOPLIST_FILE = CloveryWidget/Info.plist;
				INFOPLIST_KEY_CFBundleDisplayName = CloveryWidget;
				INFOPLIST_KEY_NSHumanReadableCopyright = "";
				IPHONEOS_DEPLOYMENT_TARGET = 16.0;
				LD_RUNPATH_SEARCH_PATHS = (
					"$(inherited)",
					"@executable_path/Frameworks",
					"@executable_path/../../Frameworks",
				);
				LOCALIZATION_PREFERS_STRING_CATALOGS = YES;
				MARKETING_VERSION = 1.0.2;
				PRODUCT_BUNDLE_IDENTIFIER = com.clovery.app.CloveryWidget;
				PRODUCT_NAME = "$(TARGET_NAME)";
				SKIP_INSTALL = YES;
				STRING_CATALOG_GENERATE_SYMBOLS = YES;
				SWIFT_APPROACHABLE_CONCURRENCY = YES;
				SWIFT_EMIT_LOC_STRINGS = YES;
				SWIFT_UPCOMING_FEATURE_MEMBER_IMPORT_VISIBILITY = YES;
				SWIFT_VERSION = 5.0;
				TARGETED_DEVICE_FAMILY = "1,2";
			};
			name = Debug;
		};
		FCECDFF22FE92C7D0067AF51 /* Release */ = {
			isa = XCBuildConfiguration;
			buildSettings = {
				ASSETCATALOG_COMPILER_GENERATE_SWIFT_ASSET_SYMBOL_EXTENSIONS = YES;
				ASSETCATALOG_COMPILER_GLOBAL_ACCENT_COLOR_NAME = AccentColor;
				ASSETCATALOG_COMPILER_WIDGET_BACKGROUND_COLOR_NAME = WidgetBackground;
				CLANG_ANALYZER_NUMBER_OBJECT_CONVERSION = YES_AGGRESSIVE;
				CODE_SIGN_ENTITLEMENTS = CloveryWidgetExtension.entitlements;
				CODE_SIGN_IDENTITY = "Apple Development";
				CODE_SIGN_STYLE = Automatic;
				CURRENT_PROJECT_VERSION = 11;
				DEVELOPMENT_TEAM = M92TBSSR2R;
				GENERATE_INFOPLIST_FILE = YES;
				INFOPLIST_FILE = CloveryWidget/Info.plist;
				INFOPLIST_KEY_CFBundleDisplayName = CloveryWidget;
				INFOPLIST_KEY_NSHumanReadableCopyright = "";
				IPHONEOS_DEPLOYMENT_TARGET = 16.0;
				LD_RUNPATH_SEARCH_PATHS = (
					"$(inherited)",
					"@executable_path/Frameworks",
					"@executable_path/../../Frameworks",
				);
				LOCALIZATION_PREFERS_STRING_CATALOGS = YES;
				MARKETING_VERSION = 1.0.2;
				MTL_ENABLE_DEBUG_INFO = NO;
				PRODUCT_BUNDLE_IDENTIFIER = com.clovery.app.CloveryWidget;
				PRODUCT_NAME = "$(TARGET_NAME)";
				SKIP_INSTALL = YES;
				STRING_CATALOG_GENERATE_SYMBOLS = YES;
				SWIFT_APPROACHABLE_CONCURRENCY = YES;
				SWIFT_EMIT_LOC_STRINGS = YES;
				SWIFT_UPCOMING_FEATURE_MEMBER_IMPORT_VISIBILITY = YES;
				SWIFT_VERSION = 5.0;
				TARGETED_DEVICE_FAMILY = "1,2";
			};
			name = Release;
		};
/* End XCBuildConfiguration section */

/* Begin XCConfigurationList section */
		AABB00000000000000000051 /* Build configuration list for PBXProject "Clovery" */ = {
			isa = XCConfigurationList;
			buildConfigurations = (
				AABB00000000000000000041 /* Debug */,
				AABB00000000000000000042 /* Release */,
			);
			defaultConfigurationIsVisible = 0;
			defaultConfigurationName = Release;
		};
		AABB00000000000000000052 /* Build configuration list for PBXNativeTarget "Clovery" */ = {
			isa = XCConfigurationList;
			buildConfigurations = (
				AABB00000000000000000043 /* Debug */,
				AABB00000000000000000044 /* Release */,
			);
			defaultConfigurationIsVisible = 0;
			defaultConfigurationName = Release;
		};
		FCECDFF42FE92C7D0067AF51 /* Build configuration list for PBXNativeTarget "CloveryWidgetExtension" */ = {
			isa = XCConfigurationList;
			buildConfigurations = (
				FCECDFF12FE92C7D0067AF51 /* Debug */,
				FCECDFF22FE92C7D0067AF51 /* Release */,
			);
			defaultConfigurationIsVisible = 0;
			defaultConfigurationName = Release;
		};
/* End XCConfigurationList section */
	};
	rootObject = AABB00000000000000000001 /* Project object */;
}
